{
  "version": 4,
  "terraform_version": "1.15.2",
  "serial": 28,
  "lineage": "98605b76-d276-9b3a-2e86-9e76be3d3a84",
  "outputs": {
    "ips": {
      "value": {
        "client": "32.197.51.46",
        "infra": "18.206.148.225",
        "worker1": "3.218.250.101",
        "worker2": "3.231.154.181",
        "worker3": "98.86.165.225",
        "worker4": "100.54.77.130",
        "worker5": "98.84.46.51",
        "worker6": "3.238.52.214"
      },
      "type": [
        "object",
        {
          "client": "string",
          "infra": "string",
          "worker1": "string",
          "worker2": "string",
          "worker3": "string",
          "worker4": "string",
          "worker5": "string",
          "worker6": "string"
        }
      ]
    },
    "siguiente_paso": {
      "value": "\n============================================================\n INDIRECT listo — Infra (Redis+RabbitMQ) y Workers arrancados\n============================================================\n\n Entra al cliente y ejecuta el benchmark:\n\n   ssh -i sd-indirect-key.pem ec2-user@32.197.51.46\n   bash ~/benchmark.sh unnumbered\n   bash ~/benchmark.sh numbered\n\n============================================================\n",
      "type": "string"
    }
  },
  "resources": [
    {
      "mode": "data",
      "type": "aws_ami",
      "name": "amzn2",
      "provider": "provider[\"registry.terraform.io/hashicorp/aws\"]",
      "instances": [
        {
          "schema_version": 0,
          "attributes": {
            "architecture": "x86_64",
            "arn": "arn:aws:ec2:us-east-1::image/ami-0fa63072dba82baa6",
            "block_device_mappings": [
              {
                "device_name": "/dev/xvda",
                "ebs": {
                  "delete_on_termination": "true",
                  "encrypted": "false",
                  "iops": "0",
                  "snapshot_id": "snap-0f38478bf6f0da48e",
                  "throughput": "0",
                  "volume_initialization_rate": "0",
                  "volume_size": "8",
                  "volume_type": "gp2"
                },
                "no_device": "",
                "virtual_name": ""
              }
            ],
            "boot_mode": "",
            "creation_date": "2026-05-09T02:54:58.000Z",
            "deprecation_time": "2026-08-07T05:07:00.000Z",
            "description": "Amazon Linux 2 AMI 2.0.20260508.0 x86_64 HVM gp2",
            "ena_support": true,
            "executable_users": null,
            "filter": [
              {
                "name": "name",
                "values": [
                  "amzn2-ami-hvm-*-x86_64-gp2"
                ]
              }
            ],
            "hypervisor": "xen",
            "id": "ami-0fa63072dba82baa6",
            "image_id": "ami-0fa63072dba82baa6",
            "image_location": "amazon/amzn2-ami-hvm-2.0.20260508.0-x86_64-gp2",
            "image_owner_alias": "amazon",
            "image_type": "machine",
            "imds_support": "",
            "include_deprecated": false,
            "kernel_id": "",
            "last_launched_time": "",
            "most_recent": true,
            "name": "amzn2-ami-hvm-2.0.20260508.0-x86_64-gp2",
            "name_regex": null,
            "owner_id": "137112412989",
            "owners": [
              "amazon"
            ],
            "platform": "",
            "platform_details": "Linux/UNIX",
            "product_codes": [],
            "public": true,
            "ramdisk_id": "",
            "root_device_name": "/dev/xvda",
            "root_device_type": "ebs",
            "root_snapshot_id": "snap-0f38478bf6f0da48e",
            "sriov_net_support": "simple",
            "state": "available",
            "state_reason": {
              "code": "UNSET",
              "message": "UNSET"
            },
            "tags": {},
            "timeouts": null,
            "tpm_support": "",
            "uefi_data": null,
            "usage_operation": "RunInstances",
            "virtualization_type": "hvm"
          },
          "sensitive_attributes": [],
          "identity_schema_version": 0
        }
      ]
    },
    {
      "mode": "managed",
      "type": "aws_instance",
      "name": "client",
      "provider": "provider[\"registry.terraform.io/hashicorp/aws\"]",
      "instances": [
        {
          "schema_version": 1,
          "attributes": {
            "ami": "ami-0fa63072dba82baa6",
            "arn": "arn:aws:ec2:us-east-1:300183693647:instance/i-05dd60b20e1b5474e",
            "associate_public_ip_address": true,
            "availability_zone": "us-east-1a",
            "capacity_reservation_specification": [
              {
                "capacity_reservation_preference": "open",
                "capacity_reservation_target": []
              }
            ],
            "cpu_core_count": 1,
            "cpu_options": [
              {
                "amd_sev_snp": "",
                "core_count": 1,
                "threads_per_core": 1
              }
            ],
            "cpu_threads_per_core": 1,
            "credit_specification": [
              {
                "cpu_credits": "standard"
              }
            ],
            "disable_api_stop": false,
            "disable_api_termination": false,
            "ebs_block_device": [],
            "ebs_optimized": false,
            "enable_primary_ipv6": null,
            "enclave_options": [
              {
                "enabled": false
              }
            ],
            "ephemeral_block_device": [],
            "get_password_data": false,
            "hibernation": false,
            "host_id": "",
            "host_resource_group_arn": null,
            "iam_instance_profile": "",
            "id": "i-05dd60b20e1b5474e",
            "instance_initiated_shutdown_behavior": "stop",
            "instance_lifecycle": "",
            "instance_market_options": [],
            "instance_state": "running",
            "instance_type": "t2.micro",
            "ipv6_address_count": 0,
            "ipv6_addresses": [],
            "key_name": "sd-indirect-key",
            "launch_template": [],
            "maintenance_options": [
              {
                "auto_recovery": "default"
              }
            ],
            "metadata_options": [
              {
                "http_endpoint": "enabled",
                "http_protocol_ipv6": "disabled",
                "http_put_response_hop_limit": 1,
                "http_tokens": "optional",
                "instance_metadata_tags": "disabled"
              }
            ],
            "monitoring": false,
            "network_interface": [],
            "outpost_arn": "",
            "password_data": "",
            "placement_group": "",
            "placement_partition_number": 0,
            "primary_network_interface_id": "eni-0a303543384bbaa65",
            "private_dns": "ip-10-0-1-42.ec2.internal",
            "private_dns_name_options": [
              {
                "enable_resource_name_dns_a_record": false,
                "enable_resource_name_dns_aaaa_record": false,
                "hostname_type": "ip-name"
              }
            ],
            "private_ip": "10.0.1.42",
            "public_dns": "ec2-32-197-51-46.compute-1.amazonaws.com",
            "public_ip": "32.197.51.46",
            "root_block_device": [
              {
                "delete_on_termination": true,
                "device_name": "/dev/xvda",
                "encrypted": false,
                "iops": 100,
                "kms_key_id": "",
                "tags": {},
                "tags_all": {},
                "throughput": 0,
                "volume_id": "vol-0ea0463955ce8803c",
                "volume_size": 8,
                "volume_type": "gp2"
              }
            ],
            "secondary_private_ips": [],
            "security_groups": [],
            "source_dest_check": true,
            "spot_instance_request_id": "",
            "subnet_id": "subnet-0ebaa02cc7bf23240",
            "tags": {
              "Name": "indirect-client"
            },
            "tags_all": {
              "Name": "indirect-client"
            },
            "tenancy": "default",
            "timeouts": null,
            "user_data": "e88db218c9899d1651a4a0401fbdd525e279994e",
            "user_data_base64": null,
            "user_data_replace_on_change": false,
            "volume_tags": null,
            "vpc_security_group_ids": [
              "sg-04d93df7271c19604"
            ]
          },
          "sensitive_attributes": [],
          "identity_schema_version": 0,
          "private": "eyJlMmJmYjczMC1lY2FhLTExZTYtOGY4OC0zNDM2M2JjN2M0YzAiOnsiY3JlYXRlIjo2MDAwMDAwMDAwMDAsImRlbGV0ZSI6MTIwMDAwMDAwMDAwMCwicmVhZCI6OTAwMDAwMDAwMDAwLCJ1cGRhdGUiOjYwMDAwMDAwMDAwMH0sInNjaGVtYV92ZXJzaW9uIjoiMSJ9",
          "dependencies": [
            "aws_key_pair.sd",
            "aws_security_group.sd",
            "aws_subnet.public",
            "aws_vpc.main",
            "data.aws_ami.amzn2",
            "tls_private_key.sd"
          ]
        }
      ]
    },
    {
      "mode": "managed",
      "type": "aws_instance",
      "name": "infra",
      "provider": "provider[\"registry.terraform.io/hashicorp/aws\"]",
      "instances": [
        {
          "schema_version": 1,
          "attributes": {
            "ami": "ami-0fa63072dba82baa6",
            "arn": "arn:aws:ec2:us-east-1:300183693647:instance/i-0f7a42d1766b54d61",
            "associate_public_ip_address": true,
            "availability_zone": "us-east-1a",
            "capacity_reservation_specification": [
              {
                "capacity_reservation_preference": "open",
                "capacity_reservation_target": []
              }
            ],
            "cpu_core_count": 1,
            "cpu_options": [
              {
                "amd_sev_snp": "",
                "core_count": 1,
                "threads_per_core": 1
              }
            ],
            "cpu_threads_per_core": 1,
            "credit_specification": [
              {
                "cpu_credits": "standard"
              }
            ],
            "disable_api_stop": false,
            "disable_api_termination": false,
            "ebs_block_device": [],
            "ebs_optimized": false,
            "enable_primary_ipv6": null,
            "enclave_options": [
              {
                "enabled": false
              }
            ],
            "ephemeral_block_device": [],
            "get_password_data": false,
            "hibernation": false,
            "host_id": "",
            "host_resource_group_arn": null,
            "iam_instance_profile": "",
            "id": "i-0f7a42d1766b54d61",
            "instance_initiated_shutdown_behavior": "stop",
            "instance_lifecycle": "",
            "instance_market_options": [],
            "instance_state": "running",
            "instance_type": "t2.small",
            "ipv6_address_count": 0,
            "ipv6_addresses": [],
            "key_name": "sd-indirect-key",
            "launch_template": [],
            "maintenance_options": [
              {
                "auto_recovery": "default"
              }
            ],
            "metadata_options": [
              {
                "http_endpoint": "enabled",
                "http_protocol_ipv6": "disabled",
                "http_put_response_hop_limit": 1,
                "http_tokens": "optional",
                "instance_metadata_tags": "disabled"
              }
            ],
            "monitoring": false,
            "network_interface": [],
            "outpost_arn": "",
            "password_data": "",
            "placement_group": "",
            "placement_partition_number": 0,
            "primary_network_interface_id": "eni-07b36476b0b1b2771",
            "private_dns": "ip-10-0-1-218.ec2.internal",
            "private_dns_name_options": [
              {
                "enable_resource_name_dns_a_record": false,
                "enable_resource_name_dns_aaaa_record": false,
                "hostname_type": "ip-name"
              }
            ],
            "private_ip": "10.0.1.218",
            "public_dns": "ec2-18-206-148-225.compute-1.amazonaws.com",
            "public_ip": "18.206.148.225",
            "root_block_device": [
              {
                "delete_on_termination": true,
                "device_name": "/dev/xvda",
                "encrypted": false,
                "iops": 100,
                "kms_key_id": "",
                "tags": {},
                "tags_all": {},
                "throughput": 0,
                "volume_id": "vol-0f13958bcb870bdd1",
                "volume_size": 8,
                "volume_type": "gp2"
              }
            ],
            "secondary_private_ips": [],
            "security_groups": [],
            "source_dest_check": true,
            "spot_instance_request_id": "",
            "subnet_id": "subnet-0ebaa02cc7bf23240",
            "tags": {
              "Name": "indirect-infra"
            },
            "tags_all": {
              "Name": "indirect-infra"
            },
            "tenancy": "default",
            "timeouts": null,
            "user_data": "6c92f5e52a7877b646ef56ea20e04bd2bf680880",
            "user_data_base64": null,
            "user_data_replace_on_change": false,
            "volume_tags": null,
            "vpc_security_group_ids": [
              "sg-04d93df7271c19604"
            ]
          },
          "sensitive_attributes": [],
          "identity_schema_version": 0,
          "private": "eyJlMmJmYjczMC1lY2FhLTExZTYtOGY4OC0zNDM2M2JjN2M0YzAiOnsiY3JlYXRlIjo2MDAwMDAwMDAwMDAsImRlbGV0ZSI6MTIwMDAwMDAwMDAwMCwicmVhZCI6OTAwMDAwMDAwMDAwLCJ1cGRhdGUiOjYwMDAwMDAwMDAwMH0sInNjaGVtYV92ZXJzaW9uIjoiMSJ9",
          "dependencies": [
            "aws_key_pair.sd",
            "aws_security_group.sd",
            "aws_subnet.public",
            "aws_vpc.main",
            "data.aws_ami.amzn2",
            "tls_private_key.sd"
          ]
        }
      ]
    },
    {
      "mode": "managed",
      "type": "aws_instance",
      "name": "worker",
      "provider": "provider[\"registry.terraform.io/hashicorp/aws\"]",
      "instances": [
        {
          "index_key": 0,
          "schema_version": 1,
          "attributes": {
            "ami": "ami-0fa63072dba82baa6",
            "arn": "arn:aws:ec2:us-east-1:300183693647:instance/i-0d5875ef50fce07aa",
            "associate_public_ip_address": true,
            "availability_zone": "us-east-1a",
            "capacity_reservation_specification": [
              {
                "capacity_reservation_preference": "open",
                "capacity_reservation_target": []
              }
            ],
            "cpu_core_count": 1,
            "cpu_options": [
              {
                "amd_sev_snp": "",
                "core_count": 1,
                "threads_per_core": 1
              }
            ],
            "cpu_threads_per_core": 1,
            "credit_specification": [
              {
                "cpu_credits": "standard"
              }
            ],
            "disable_api_stop": false,
            "disable_api_termination": false,
            "ebs_block_device": [],
            "ebs_optimized": false,
            "enable_primary_ipv6": null,
            "enclave_options": [
              {
                "enabled": false
              }
            ],
            "ephemeral_block_device": [],
            "get_password_data": false,
            "hibernation": false,
            "host_id": "",
            "host_resource_group_arn": null,
            "iam_instance_profile": "",
            "id": "i-0d5875ef50fce07aa",
            "instance_initiated_shutdown_behavior": "stop",
            "instance_lifecycle": "",
            "instance_market_options": [],
            "instance_state": "running",
            "instance_type": "t2.micro",
            "ipv6_address_count": 0,
            "ipv6_addresses": [],
            "key_name": "sd-indirect-key",
            "launch_template": [],
            "maintenance_options": [
              {
                "auto_recovery": "default"
              }
            ],
            "metadata_options": [
              {
                "http_endpoint": "enabled",
                "http_protocol_ipv6": "disabled",
                "http_put_response_hop_limit": 1,
                "http_tokens": "optional",
                "instance_metadata_tags": "disabled"
              }
            ],
            "monitoring": false,
            "network_interface": [],
            "outpost_arn": "",
            "password_data": "",
            "placement_group": "",
            "placement_partition_number": 0,
            "primary_network_interface_id": "eni-04b83aec086ead3a1",
            "private_dns": "ip-10-0-1-161.ec2.internal",
            "private_dns_name_options": [
              {
                "enable_resource_name_dns_a_record": false,
                "enable_resource_name_dns_aaaa_record": false,
                "hostname_type": "ip-name"
              }
            ],
            "private_ip": "10.0.1.161",
            "public_dns": "ec2-3-218-250-101.compute-1.amazonaws.com",
            "public_ip": "3.218.250.101",
            "root_block_device": [
              {
                "delete_on_termination": true,
                "device_name": "/dev/xvda",
                "encrypted": false,
                "iops": 100,
                "kms_key_id": "",
                "tags": {},
                "tags_all": {},
                "throughput": 0,
                "volume_id": "vol-0f9ef60bdd99916e3",
                "volume_size": 8,
                "volume_type": "gp2"
              }
            ],
            "secondary_private_ips": [],
            "security_groups": [],
            "source_dest_check": true,
            "spot_instance_request_id": "",
            "subnet_id": "subnet-0ebaa02cc7bf23240",
            "tags": {
              "Name": "indirect-worker1"
            },
            "tags_all": {
              "Name": "indirect-worker1"
            },
            "tenancy": "default",
            "timeouts": null,
            "user_data": "e88db218c9899d1651a4a0401fbdd525e279994e",
            "user_data_base64": null,
            "user_data_replace_on_change": false,
            "volume_tags": null,
            "vpc_security_group_ids": [
              "sg-04d93df7271c19604"
            ]
          },
          "sensitive_attributes": [],
          "identity_schema_version": 0,
          "private": "eyJlMmJmYjczMC1lY2FhLTExZTYtOGY4OC0zNDM2M2JjN2M0YzAiOnsiY3JlYXRlIjo2MDAwMDAwMDAwMDAsImRlbGV0ZSI6MTIwMDAwMDAwMDAwMCwicmVhZCI6OTAwMDAwMDAwMDAwLCJ1cGRhdGUiOjYwMDAwMDAwMDAwMH0sInNjaGVtYV92ZXJzaW9uIjoiMSJ9",
          "dependencies": [
            "aws_key_pair.sd",
            "aws_security_group.sd",
            "aws_subnet.public",
            "aws_vpc.main",
            "data.aws_ami.amzn2",
            "tls_private_key.sd"
          ]
        },
        {
          "index_key": 1,
          "schema_version": 1,
          "attributes": {
            "ami": "ami-0fa63072dba82baa6",
            "arn": "arn:aws:ec2:us-east-1:300183693647:instance/i-022d49e7ffb581a8b",
            "associate_public_ip_address": true,
            "availability_zone": "us-east-1a",
            "capacity_reservation_specification": [
              {
                "capacity_reservation_preference": "open",
                "capacity_reservation_target": []
              }
            ],
            "cpu_core_count": 1,
            "cpu_options": [
              {
                "amd_sev_snp": "",
                "core_count": 1,
                "threads_per_core": 1
              }
            ],
            "cpu_threads_per_core": 1,
            "credit_specification": [
              {
                "cpu_credits": "standard"
              }
            ],
            "disable_api_stop": false,
            "disable_api_termination": false,
            "ebs_block_device": [],
            "ebs_optimized": false,
            "enable_primary_ipv6": null,
            "enclave_options": [
              {
                "enabled": false
              }
            ],
            "ephemeral_block_device": [],
            "get_password_data": false,
            "hibernation": false,
            "host_id": "",
            "host_resource_group_arn": null,
            "iam_instance_profile": "",
            "id": "i-022d49e7ffb581a8b",
            "instance_initiated_shutdown_behavior": "stop",
            "instance_lifecycle": "",
            "instance_market_options": [],
            "instance_state": "running",
            "instance_type": "t2.micro",
            "ipv6_address_count": 0,
            "ipv6_addresses": [],
            "key_name": "sd-indirect-key",
            "launch_template": [],
            "maintenance_options": [
              {
                "auto_recovery": "default"
              }
            ],
            "metadata_options": [
              {
                "http_endpoint": "enabled",
                "http_protocol_ipv6": "disabled",
                "http_put_response_hop_limit": 1,
                "http_tokens": "optional",
                "instance_metadata_tags": "disabled"
              }
            ],
            "monitoring": false,
            "network_interface": [],
            "outpost_arn": "",
            "password_data": "",
            "placement_group": "",
            "placement_partition_number": 0,
            "primary_network_interface_id": "eni-0e69026a1b70eb58e",
            "private_dns": "ip-10-0-1-249.ec2.internal",
            "private_dns_name_options": [
              {
                "enable_resource_name_dns_a_record": false,
                "enable_resource_name_dns_aaaa_record": false,
                "hostname_type": "ip-name"
              }
            ],
            "private_ip": "10.0.1.249",
            "public_dns": "ec2-3-231-154-181.compute-1.amazonaws.com",
            "public_ip": "3.231.154.181",
            "root_block_device": [
              {
                "delete_on_termination": true,
                "device_name": "/dev/xvda",
                "encrypted": false,
                "iops": 100,
                "kms_key_id": "",
                "tags": {},
                "tags_all": {},
                "throughput": 0,
                "volume_id": "vol-03f97cbd2829a77d8",
                "volume_size": 8,
                "volume_type": "gp2"
              }
            ],
            "secondary_private_ips": [],
            "security_groups": [],
            "source_dest_check": true,
            "spot_instance_request_id": "",
            "subnet_id": "subnet-0ebaa02cc7bf23240",
            "tags": {
              "Name": "indirect-worker2"
            },
            "tags_all": {
              "Name": "indirect-worker2"
            },
            "tenancy": "default",
            "timeouts": null,
            "user_data": "e88db218c9899d1651a4a0401fbdd525e279994e",
            "user_data_base64": null,
            "user_data_replace_on_change": false,
            "volume_tags": null,
            "vpc_security_group_ids": [
              "sg-04d93df7271c19604"
            ]
          },
          "sensitive_attributes": [],
          "identity_schema_version": 0,
          "private": "eyJlMmJmYjczMC1lY2FhLTExZTYtOGY4OC0zNDM2M2JjN2M0YzAiOnsiY3JlYXRlIjo2MDAwMDAwMDAwMDAsImRlbGV0ZSI6MTIwMDAwMDAwMDAwMCwicmVhZCI6OTAwMDAwMDAwMDAwLCJ1cGRhdGUiOjYwMDAwMDAwMDAwMH0sInNjaGVtYV92ZXJzaW9uIjoiMSJ9",
          "dependencies": [
            "aws_key_pair.sd",
            "aws_security_group.sd",
            "aws_subnet.public",
            "aws_vpc.main",
            "data.aws_ami.amzn2",
            "tls_private_key.sd"
          ]
        },
        {
          "index_key": 2,
          "schema_version": 1,
          "attributes": {
            "ami": "ami-0fa63072dba82baa6",
            "arn": "arn:aws:ec2:us-east-1:300183693647:instance/i-034912f2bebebd93a",
            "associate_public_ip_address": true,
            "availability_zone": "us-east-1a",
            "capacity_reservation_specification": [
              {
                "capacity_reservation_preference": "open",
                "capacity_reservation_target": []
              }
            ],
            "cpu_core_count": 1,
            "cpu_options": [
              {
                "amd_sev_snp": "",
                "core_count": 1,
                "threads_per_core": 1
              }
            ],
            "cpu_threads_per_core": 1,
            "credit_specification": [
              {
                "cpu_credits": "standard"
              }
            ],
            "disable_api_stop": false,
            "disable_api_termination": false,
            "ebs_block_device": [],
            "ebs_optimized": false,
            "enable_primary_ipv6": null,
            "enclave_options": [
              {
                "enabled": false
              }
            ],
            "ephemeral_block_device": [],
            "get_password_data": false,
            "hibernation": false,
            "host_id": "",
            "host_resource_group_arn": null,
            "iam_instance_profile": "",
            "id": "i-034912f2bebebd93a",
            "instance_initiated_shutdown_behavior": "stop",
            "instance_lifecycle": "",
            "instance_market_options": [],
            "instance_state": "running",
            "instance_type": "t2.micro",
            "ipv6_address_count": 0,
            "ipv6_addresses": [],
            "key_name": "sd-indirect-key",
            "launch_template": [],
            "maintenance_options": [
              {
                "auto_recovery": "default"
              }
            ],
            "metadata_options": [
              {
                "http_endpoint": "enabled",
                "http_protocol_ipv6": "disabled",
                "http_put_response_hop_limit": 1,
                "http_tokens": "optional",
                "instance_metadata_tags": "disabled"
              }
            ],
            "monitoring": false,
            "network_interface": [],
            "outpost_arn": "",
            "password_data": "",
            "placement_group": "",
            "placement_partition_number": 0,
            "primary_network_interface_id": "eni-0f4e864ca41bac6f0",
            "private_dns": "ip-10-0-1-131.ec2.internal",
            "private_dns_name_options": [
              {
                "enable_resource_name_dns_a_record": false,
                "enable_resource_name_dns_aaaa_record": false,
                "hostname_type": "ip-name"
              }
            ],
            "private_ip": "10.0.1.131",
            "public_dns": "ec2-98-86-165-225.compute-1.amazonaws.com",
            "public_ip": "98.86.165.225",
            "root_block_device": [
              {
                "delete_on_termination": true,
                "device_name": "/dev/xvda",
                "encrypted": false,
                "iops": 100,
                "kms_key_id": "",
                "tags": {},
                "tags_all": {},
                "throughput": 0,
                "volume_id": "vol-08e4851d36c653e32",
                "volume_size": 8,
                "volume_type": "gp2"
              }
            ],
            "secondary_private_ips": [],
            "security_groups": [],
            "source_dest_check": true,
            "spot_instance_request_id": "",
            "subnet_id": "subnet-0ebaa02cc7bf23240",
            "tags": {
              "Name": "indirect-worker3"
            },
            "tags_all": {
              "Name": "indirect-worker3"
            },
            "tenancy": "default",
            "timeouts": null,
            "user_data": "e88db218c9899d1651a4a0401fbdd525e279994e",
            "user_data_base64": null,
            "user_data_replace_on_change": false,
            "volume_tags": null,
            "vpc_security_group_ids": [
              "sg-04d93df7271c19604"
            ]
          },
          "sensitive_attributes": [],
          "identity_schema_version": 0,
          "private": "eyJlMmJmYjczMC1lY2FhLTExZTYtOGY4OC0zNDM2M2JjN2M0YzAiOnsiY3JlYXRlIjo2MDAwMDAwMDAwMDAsImRlbGV0ZSI6MTIwMDAwMDAwMDAwMCwicmVhZCI6OTAwMDAwMDAwMDAwLCJ1cGRhdGUiOjYwMDAwMDAwMDAwMH0sInNjaGVtYV92ZXJzaW9uIjoiMSJ9",
          "dependencies": [
            "aws_key_pair.sd",
            "aws_security_group.sd",
            "aws_subnet.public",
            "aws_vpc.main",
            "data.aws_ami.amzn2",
            "tls_private_key.sd"
          ]
        },
        {
          "index_key": 3,
          "schema_version": 1,
          "attributes": {
            "ami": "ami-0fa63072dba82baa6",
            "arn": "arn:aws:ec2:us-east-1:300183693647:instance/i-0a8e36579152e28b3",
            "associate_public_ip_address": true,
            "availability_zone": "us-east-1a",
            "capacity_reservation_specification": [
              {
                "capacity_reservation_preference": "open",
                "capacity_reservation_target": []
              }
            ],
            "cpu_core_count": 1,
            "cpu_options": [
              {
                "amd_sev_snp": "",
                "core_count": 1,
                "threads_per_core": 1
              }
            ],
            "cpu_threads_per_core": 1,
            "credit_specification": [
              {
                "cpu_credits": "standard"
              }
            ],
            "disable_api_stop": false,
            "disable_api_termination": false,
            "ebs_block_device": [],
            "ebs_optimized": false,
            "enable_primary_ipv6": null,
            "enclave_options": [
              {
                "enabled": false
              }
            ],
            "ephemeral_block_device": [],
            "get_password_data": false,
            "hibernation": false,
            "host_id": "",
            "host_resource_group_arn": null,
            "iam_instance_profile": "",
            "id": "i-0a8e36579152e28b3",
            "instance_initiated_shutdown_behavior": "stop",
            "instance_lifecycle": "",
            "instance_market_options": [],
            "instance_state": "running",
            "instance_type": "t2.micro",
            "ipv6_address_count": 0,
            "ipv6_addresses": [],
            "key_name": "sd-indirect-key",
            "launch_template": [],
            "maintenance_options": [
              {
                "auto_recovery": "default"
              }
            ],
            "metadata_options": [
              {
                "http_endpoint": "enabled",
                "http_protocol_ipv6": "disabled",
                "http_put_response_hop_limit": 1,
                "http_tokens": "optional",
                "instance_metadata_tags": "disabled"
              }
            ],
            "monitoring": false,
            "network_interface": [],
            "outpost_arn": "",
            "password_data": "",
            "placement_group": "",
            "placement_partition_number": 0,
            "primary_network_interface_id": "eni-0b30d395da02112ef",
            "private_dns": "ip-10-0-1-198.ec2.internal",
            "private_dns_name_options": [
              {
                "enable_resource_name_dns_a_record": false,
                "enable_resource_name_dns_aaaa_record": false,
                "hostname_type": "ip-name"
              }
            ],
            "private_ip": "10.0.1.198",
            "public_dns": "ec2-100-54-77-130.compute-1.amazonaws.com",
            "public_ip": "100.54.77.130",
            "root_block_device": [
              {
                "delete_on_termination": true,
                "device_name": "/dev/xvda",
                "encrypted": false,
                "iops": 100,
                "kms_key_id": "",
                "tags": {},
                "tags_all": {},
                "throughput": 0,
                "volume_id": "vol-0f874e975398a4c7c",
                "volume_size": 8,
                "volume_type": "gp2"
              }
            ],
            "secondary_private_ips": [],
            "security_groups": [],
            "source_dest_check": true,
            "spot_instance_request_id": "",
            "subnet_id": "subnet-0ebaa02cc7bf23240",
            "tags": {
              "Name": "indirect-worker4"
            },
            "tags_all": {
              "Name": "indirect-worker4"
            },
            "tenancy": "default",
            "timeouts": null,
            "user_data": "e88db218c9899d1651a4a0401fbdd525e279994e",
            "user_data_base64": null,
            "user_data_replace_on_change": false,
            "volume_tags": null,
            "vpc_security_group_ids": [
              "sg-04d93df7271c19604"
            ]
          },
          "sensitive_attributes": [],
          "identity_schema_version": 0,
          "private": "eyJlMmJmYjczMC1lY2FhLTExZTYtOGY4OC0zNDM2M2JjN2M0YzAiOnsiY3JlYXRlIjo2MDAwMDAwMDAwMDAsImRlbGV0ZSI6MTIwMDAwMDAwMDAwMCwicmVhZCI6OTAwMDAwMDAwMDAwLCJ1cGRhdGUiOjYwMDAwMDAwMDAwMH0sInNjaGVtYV92ZXJzaW9uIjoiMSJ9",
          "dependencies": [
            "aws_key_pair.sd",
            "aws_security_group.sd",
            "aws_subnet.public",
            "aws_vpc.main",
            "data.aws_ami.amzn2",
            "tls_private_key.sd"
          ]
        },
        {
          "index_key": 4,
          "schema_version": 1,
          "attributes": {
            "ami": "ami-0fa63072dba82baa6",
            "arn": "arn:aws:ec2:us-east-1:300183693647:instance/i-05939d79529a0b4dd",
            "associate_public_ip_address": true,
            "availability_zone": "us-east-1a",
            "capacity_reservation_specification": [
              {
                "capacity_reservation_preference": "open",
                "capacity_reservation_target": []
              }
            ],
            "cpu_core_count": 1,
            "cpu_options": [
              {
                "amd_sev_snp": "",
                "core_count": 1,
                "threads_per_core": 1
              }
            ],
            "cpu_threads_per_core": 1,
            "credit_specification": [
              {
                "cpu_credits": "standard"
              }
            ],
            "disable_api_stop": false,
            "disable_api_termination": false,
            "ebs_block_device": [],
            "ebs_optimized": false,
            "enable_primary_ipv6": null,
            "enclave_options": [
              {
                "enabled": false
              }
            ],
            "ephemeral_block_device": [],
            "get_password_data": false,
            "hibernation": false,
            "host_id": "",
            "host_resource_group_arn": null,
            "iam_instance_profile": "",
            "id": "i-05939d79529a0b4dd",
            "instance_initiated_shutdown_behavior": "stop",
            "instance_lifecycle": "",
            "instance_market_options": [],
            "instance_state": "running",
            "instance_type": "t2.micro",
            "ipv6_address_count": 0,
            "ipv6_addresses": [],
            "key_name": "sd-indirect-key",
            "launch_template": [],
            "maintenance_options": [
              {
                "auto_recovery": "default"
              }
            ],
            "metadata_options": [
              {
                "http_endpoint": "enabled",
                "http_protocol_ipv6": "disabled",
                "http_put_response_hop_limit": 1,
                "http_tokens": "optional",
                "instance_metadata_tags": "disabled"
              }
            ],
            "monitoring": false,
            "network_interface": [],
            "outpost_arn": "",
            "password_data": "",
            "placement_group": "",
            "placement_partition_number": 0,
            "primary_network_interface_id": "eni-0bcb94aa574952059",
            "private_dns": "ip-10-0-1-174.ec2.internal",
            "private_dns_name_options": [
              {
                "enable_resource_name_dns_a_record": false,
                "enable_resource_name_dns_aaaa_record": false,
                "hostname_type": "ip-name"
              }
            ],
            "private_ip": "10.0.1.174",
            "public_dns": "ec2-98-84-46-51.compute-1.amazonaws.com",
            "public_ip": "98.84.46.51",
            "root_block_device": [
              {
                "delete_on_termination": true,
                "device_name": "/dev/xvda",
                "encrypted": false,
                "iops": 100,
                "kms_key_id": "",
                "tags": {},
                "tags_all": {},
                "throughput": 0,
                "volume_id": "vol-0ba35fe76d21b0cf2",
                "volume_size": 8,
                "volume_type": "gp2"
              }
            ],
            "secondary_private_ips": [],
            "security_groups": [],
            "source_dest_check": true,
            "spot_instance_request_id": "",
            "subnet_id": "subnet-0ebaa02cc7bf23240",
            "tags": {
              "Name": "indirect-worker5"
            },
            "tags_all": {
              "Name": "indirect-worker5"
            },
            "tenancy": "default",
            "timeouts": null,
            "user_data": "e88db218c9899d1651a4a0401fbdd525e279994e",
            "user_data_base64": null,
            "user_data_replace_on_change": false,
            "volume_tags": null,
            "vpc_security_group_ids": [
              "sg-04d93df7271c19604"
            ]
          },
          "sensitive_attributes": [],
          "identity_schema_version": 0,
          "private": "eyJlMmJmYjczMC1lY2FhLTExZTYtOGY4OC0zNDM2M2JjN2M0YzAiOnsiY3JlYXRlIjo2MDAwMDAwMDAwMDAsImRlbGV0ZSI6MTIwMDAwMDAwMDAwMCwicmVhZCI6OTAwMDAwMDAwMDAwLCJ1cGRhdGUiOjYwMDAwMDAwMDAwMH0sInNjaGVtYV92ZXJzaW9uIjoiMSJ9",
          "dependencies": [
            "aws_key_pair.sd",
            "aws_security_group.sd",
            "aws_subnet.public",
            "aws_vpc.main",
            "data.aws_ami.amzn2",
            "tls_private_key.sd"
          ]
        },
        {
          "index_key": 5,
          "schema_version": 1,
          "attributes": {
            "ami": "ami-0fa63072dba82baa6",
            "arn": "arn:aws:ec2:us-east-1:300183693647:instance/i-0d9d532a7ad2c3b10",
            "associate_public_ip_address": true,
            "availability_zone": "us-east-1a",
            "capacity_reservation_specification": [
              {
                "capacity_reservation_preference": "open",
                "capacity_reservation_target": []
              }
            ],
            "cpu_core_count": 1,
            "cpu_options": [
              {
                "amd_sev_snp": "",
                "core_count": 1,
                "threads_per_core": 1
              }
            ],
            "cpu_threads_per_core": 1,
            "credit_specification": [
              {
                "cpu_credits": "standard"
              }
            ],
            "disable_api_stop": false,
            "disable_api_termination": false,
            "ebs_block_device": [],
            "ebs_optimized": false,
            "enable_primary_ipv6": null,
            "enclave_options": [
              {
                "enabled": false
              }
            ],
            "ephemeral_block_device": [],
            "get_password_data": false,
            "hibernation": false,
            "host_id": "",
            "host_resource_group_arn": null,
            "iam_instance_profile": "",
            "id": "i-0d9d532a7ad2c3b10",
            "instance_initiated_shutdown_behavior": "stop",
            "instance_lifecycle": "",
            "instance_market_options": [],
            "instance_state": "running",
            "instance_type": "t2.micro",
            "ipv6_address_count": 0,
            "ipv6_addresses": [],
            "key_name": "sd-indirect-key",
            "launch_template": [],
            "maintenance_options": [
              {
                "auto_recovery": "default"
              }
            ],
            "metadata_options": [
              {
                "http_endpoint": "enabled",
                "http_protocol_ipv6": "disabled",
                "http_put_response_hop_limit": 1,
                "http_tokens": "optional",
                "instance_metadata_tags": "disabled"
              }
            ],
            "monitoring": false,
            "network_interface": [],
            "outpost_arn": "",
            "password_data": "",
            "placement_group": "",
            "placement_partition_number": 0,
            "primary_network_interface_id": "eni-0e92db7dd8b477b2d",
            "private_dns": "ip-10-0-1-116.ec2.internal",
            "private_dns_name_options": [
              {
                "enable_resource_name_dns_a_record": false,
                "enable_resource_name_dns_aaaa_record": false,
                "hostname_type": "ip-name"
              }
            ],
            "private_ip": "10.0.1.116",
            "public_dns": "ec2-3-238-52-214.compute-1.amazonaws.com",
            "public_ip": "3.238.52.214",
            "root_block_device": [
              {
                "delete_on_termination": true,
                "device_name": "/dev/xvda",
                "encrypted": false,
                "iops": 100,
                "kms_key_id": "",
                "tags": {},
                "tags_all": {},
                "throughput": 0,
                "volume_id": "vol-0db87f943fde36f88",
                "volume_size": 8,
                "volume_type": "gp2"
              }
            ],
            "secondary_private_ips": [],
            "security_groups": [],
            "source_dest_check": true,
            "spot_instance_request_id": "",
            "subnet_id": "subnet-0ebaa02cc7bf23240",
            "tags": {
              "Name": "indirect-worker6"
            },
            "tags_all": {
              "Name": "indirect-worker6"
            },
            "tenancy": "default",
            "timeouts": null,
            "user_data": "e88db218c9899d1651a4a0401fbdd525e279994e",
            "user_data_base64": null,
            "user_data_replace_on_change": false,
            "volume_tags": null,
            "vpc_security_group_ids": [
              "sg-04d93df7271c19604"
            ]
          },
          "sensitive_attributes": [],
          "identity_schema_version": 0,
          "private": "eyJlMmJmYjczMC1lY2FhLTExZTYtOGY4OC0zNDM2M2JjN2M0YzAiOnsiY3JlYXRlIjo2MDAwMDAwMDAwMDAsImRlbGV0ZSI6MTIwMDAwMDAwMDAwMCwicmVhZCI6OTAwMDAwMDAwMDAwLCJ1cGRhdGUiOjYwMDAwMDAwMDAwMH0sInNjaGVtYV92ZXJzaW9uIjoiMSJ9",
          "dependencies": [
            "aws_key_pair.sd",
            "aws_security_group.sd",
            "aws_subnet.public",
            "aws_vpc.main",
            "data.aws_ami.amzn2",
            "tls_private_key.sd"
          ]
        }
      ]
    },
    {
      "mode": "managed",
      "type": "aws_internet_gateway",
      "name": "igw",
      "provider": "provider[\"registry.terraform.io/hashicorp/aws\"]",
      "instances": [
        {
          "schema_version": 0,
          "attributes": {
            "arn": "arn:aws:ec2:us-east-1:300183693647:internet-gateway/igw-08334c5632b8944b4",
            "id": "igw-08334c5632b8944b4",
            "owner_id": "300183693647",
            "tags": {
              "Name": "sd-indirect-igw"
            },
            "tags_all": {
              "Name": "sd-indirect-igw"
            },
            "timeouts": null,
            "vpc_id": "vpc-0162d61ca458e6d04"
          },
          "sensitive_attributes": [],
          "identity_schema_version": 0,
          "private": "eyJlMmJmYjczMC1lY2FhLTExZTYtOGY4OC0zNDM2M2JjN2M0YzAiOnsiY3JlYXRlIjoxMjAwMDAwMDAwMDAwLCJkZWxldGUiOjEyMDAwMDAwMDAwMDAsInVwZGF0ZSI6MTIwMDAwMDAwMDAwMH19",
          "dependencies": [
            "aws_vpc.main"
          ]
        }
      ]
    },
    {
      "mode": "managed",
      "type": "aws_key_pair",
      "name": "sd",
      "provider": "provider[\"registry.terraform.io/hashicorp/aws\"]",
      "instances": [
        {
          "schema_version": 1,
          "attributes": {
            "arn": "arn:aws:ec2:us-east-1:300183693647:key-pair/sd-indirect-key",
            "fingerprint": "13:06:e5:a6:61:c6:59:e2:25:0f:7c:c3:fd:65:3d:98",
            "id": "sd-indirect-key",
            "key_name": "sd-indirect-key",
            "key_name_prefix": "",
            "key_pair_id": "key-0cd1be138e8a2bfe1",
            "key_type": "rsa",
            "public_key": "ssh-rsa AAAAB3NzaC1yc2EAAAADAQABAAACAQCa3Ori7IECfotKu7wRx/KD4u83w8uot38s2U2jdLBlEyWeo0gWD9Eo5oZSONoaRgTduyuwU4thd6jwvUqJtTXz7uM1PvMFFlueyx6MXKLPEtN3xsu0wVtOTK9xIrhvzN/DJoynrituKkXWH2Ih6WlOFdbLth68WAZ+hKA8XWpHMNVlzOa+E9Fb+O9pKPaQMzTpmiA83DDtiPlEojUS/ZhSt6vRL3riRdQPDyZabhwuMbUJ/iYS3AxlNPxGVdtqgGoZq1ynlSMz8ssEQSLq1T76t3nBfqKuVFdHoJZimYG0YEoqlFiFH+SqNLCcGdfEihd//7i7/T8cRazCyzNfkoPSxFGzegl+wuvIPzlXS6cn6THifODse84flfbwZcMp/AZvviuMZDI3C/MClk7yc28Rh9tGC9zv/CgqjfZRhrA5nhVZIBoy47nJYIhau0PcGmq6wWuEH93rN33aYT4/zWqPKd20E+HueGfFO8VHmHXje+KiNPeDS3ygfEvX04NKFJhmkf6Fallz0qO7YYyjZ1i0IieoOHotTG6SSCLqBK7a9CgC7LCqCqtFMOqqfDAXooB/wZEfT6Y6yTLAZPRhMqOChtUd0gCxpYiP1SE4rImbnEvv9skLnoX0UwtQhQVHac2wif+DrGByJJDLIButR0jtscLv3GqjGIb362aUf8SFyw==",
            "tags": {},
            "tags_all": {}
          },
          "sensitive_attributes": [],
          "identity_schema_version": 0,
          "private": "eyJzY2hlbWFfdmVyc2lvbiI6IjEifQ==",
          "dependencies": [
            "tls_private_key.sd"
          ]
        }
      ]
    },
    {
      "mode": "managed",
      "type": "aws_route_table",
      "name": "public",
      "provider": "provider[\"registry.terraform.io/hashicorp/aws\"]",
      "instances": [
        {
          "schema_version": 0,
          "attributes": {
            "arn": "arn:aws:ec2:us-east-1:300183693647:route-table/rtb-0f5482a544d59fe29",
            "id": "rtb-0f5482a544d59fe29",
            "owner_id": "300183693647",
            "propagating_vgws": [],
            "route": [
              {
                "carrier_gateway_id": "",
                "cidr_block": "0.0.0.0/0",
                "core_network_arn": "",
                "destination_prefix_list_id": "",
                "egress_only_gateway_id": "",
                "gateway_id": "igw-08334c5632b8944b4",
                "ipv6_cidr_block": "",
                "local_gateway_id": "",
                "nat_gateway_id": "",
                "network_interface_id": "",
                "transit_gateway_id": "",
                "vpc_endpoint_id": "",
                "vpc_peering_connection_id": ""
              }
            ],
            "tags": {
              "Name": "sd-indirect-rt"
            },
            "tags_all": {
              "Name": "sd-indirect-rt"
            },
            "timeouts": null,
            "vpc_id": "vpc-0162d61ca458e6d04"
          },
          "sensitive_attributes": [],
          "identity_schema_version": 0,
          "private": "eyJlMmJmYjczMC1lY2FhLTExZTYtOGY4OC0zNDM2M2JjN2M0YzAiOnsiY3JlYXRlIjozMDAwMDAwMDAwMDAsImRlbGV0ZSI6MzAwMDAwMDAwMDAwLCJ1cGRhdGUiOjEyMDAwMDAwMDAwMH19",
          "dependencies": [
            "aws_internet_gateway.igw",
            "aws_vpc.main"
          ]
        }
      ]
    },
    {
      "mode": "managed",
      "type": "aws_route_table_association",
      "name": "public",
      "provider": "provider[\"registry.terraform.io/hashicorp/aws\"]",
      "instances": [
        {
          "schema_version": 0,
          "attributes": {
            "gateway_id": "",
            "id": "rtbassoc-0acf168880ac3ed47",
            "route_table_id": "rtb-0f5482a544d59fe29",
            "subnet_id": "subnet-0ebaa02cc7bf23240",
            "timeouts": null
          },
          "sensitive_attributes": [],
          "identity_schema_version": 0,
          "private": "eyJlMmJmYjczMC1lY2FhLTExZTYtOGY4OC0zNDM2M2JjN2M0YzAiOnsiY3JlYXRlIjozMDAwMDAwMDAwMDAsImRlbGV0ZSI6MzAwMDAwMDAwMDAwLCJ1cGRhdGUiOjEyMDAwMDAwMDAwMH19",
          "dependencies": [
            "aws_internet_gateway.igw",
            "aws_route_table.public",
            "aws_subnet.public",
            "aws_vpc.main"
          ]
        }
      ]
    },
    {
      "mode": "managed",
      "type": "aws_security_group",
      "name": "sd",
      "provider": "provider[\"registry.terraform.io/hashicorp/aws\"]",
      "instances": [
        {
          "schema_version": 1,
          "attributes": {
            "arn": "arn:aws:ec2:us-east-1:300183693647:security-group/sg-04d93df7271c19604",
            "description": "Managed by Terraform",
            "egress": [
              {
                "cidr_blocks": [
                  "0.0.0.0/0"
                ],
                "description": "",
                "from_port": 0,
                "ipv6_cidr_blocks": [],
                "prefix_list_ids": [],
                "protocol": "-1",
                "security_groups": [],
                "self": false,
                "to_port": 0
              }
            ],
            "id": "sg-04d93df7271c19604",
            "ingress": [
              {
                "cidr_blocks": [
                  "0.0.0.0/0"
                ],
                "description": "SSH",
                "from_port": 22,
                "ipv6_cidr_blocks": [],
                "prefix_list_ids": [],
                "protocol": "tcp",
                "security_groups": [],
                "self": false,
                "to_port": 22
              },
              {
                "cidr_blocks": [],
                "description": "Trafico interno",
                "from_port": 0,
                "ipv6_cidr_blocks": [],
                "prefix_list_ids": [],
                "protocol": "-1",
                "security_groups": [],
                "self": true,
                "to_port": 0
              }
            ],
            "name": "sd-indirect-sg",
            "name_prefix": "",
            "owner_id": "300183693647",
            "revoke_rules_on_delete": false,
            "tags": {
              "Name": "sd-indirect-sg"
            },
            "tags_all": {
              "Name": "sd-indirect-sg"
            },
            "timeouts": null,
            "vpc_id": "vpc-0162d61ca458e6d04"
          },
          "sensitive_attributes": [],
          "identity_schema_version": 0,
          "private": "eyJlMmJmYjczMC1lY2FhLTExZTYtOGY4OC0zNDM2M2JjN2M0YzAiOnsiY3JlYXRlIjo2MDAwMDAwMDAwMDAsImRlbGV0ZSI6OTAwMDAwMDAwMDAwfSwic2NoZW1hX3ZlcnNpb24iOiIxIn0=",
          "dependencies": [
            "aws_vpc.main"
          ]
        }
      ]
    },
    {
      "mode": "managed",
      "type": "aws_subnet",
      "name": "public",
      "provider": "provider[\"registry.terraform.io/hashicorp/aws\"]",
      "instances": [
        {
          "schema_version": 1,
          "attributes": {
            "arn": "arn:aws:ec2:us-east-1:300183693647:subnet/subnet-0ebaa02cc7bf23240",
            "assign_ipv6_address_on_creation": false,
            "availability_zone": "us-east-1a",
            "availability_zone_id": "use1-az1",
            "cidr_block": "10.0.1.0/24",
            "customer_owned_ipv4_pool": "",
            "enable_dns64": false,
            "enable_lni_at_device_index": 0,
            "enable_resource_name_dns_a_record_on_launch": false,
            "enable_resource_name_dns_aaaa_record_on_launch": false,
            "id": "subnet-0ebaa02cc7bf23240",
            "ipv6_cidr_block": "",
            "ipv6_cidr_block_association_id": "",
            "ipv6_native": false,
            "map_customer_owned_ip_on_launch": false,
            "map_public_ip_on_launch": true,
            "outpost_arn": "",
            "owner_id": "300183693647",
            "private_dns_hostname_type_on_launch": "ip-name",
            "tags": {
              "Name": "sd-indirect-subnet"
            },
            "tags_all": {
              "Name": "sd-indirect-subnet"
            },
            "timeouts": null,
            "vpc_id": "vpc-0162d61ca458e6d04"
          },
          "sensitive_attributes": [],
          "identity_schema_version": 0,
          "private": "eyJlMmJmYjczMC1lY2FhLTExZTYtOGY4OC0zNDM2M2JjN2M0YzAiOnsiY3JlYXRlIjo2MDAwMDAwMDAwMDAsImRlbGV0ZSI6MTIwMDAwMDAwMDAwMH0sInNjaGVtYV92ZXJzaW9uIjoiMSJ9",
          "dependencies": [
            "aws_vpc.main"
          ]
        }
      ]
    },
    {
      "mode": "managed",
      "type": "aws_vpc",
      "name": "main",
      "provider": "provider[\"registry.terraform.io/hashicorp/aws\"]",
      "instances": [
        {
          "schema_version": 1,
          "attributes": {
            "arn": "arn:aws:ec2:us-east-1:300183693647:vpc/vpc-0162d61ca458e6d04",
            "assign_generated_ipv6_cidr_block": false,
            "cidr_block": "10.0.0.0/16",
            "default_network_acl_id": "acl-064f601834ddb2b22",
            "default_route_table_id": "rtb-0ff5f70710be0a14d",
            "default_security_group_id": "sg-0473c0efcea643791",
            "dhcp_options_id": "dopt-02fa375327fc37dd2",
            "enable_dns_hostnames": true,
            "enable_dns_support": true,
            "enable_network_address_usage_metrics": false,
            "id": "vpc-0162d61ca458e6d04",
            "instance_tenancy": "default",
            "ipv4_ipam_pool_id": null,
            "ipv4_netmask_length": null,
            "ipv6_association_id": "",
            "ipv6_cidr_block": "",
            "ipv6_cidr_block_network_border_group": "",
            "ipv6_ipam_pool_id": "",
            "ipv6_netmask_length": 0,
            "main_route_table_id": "rtb-0ff5f70710be0a14d",
            "owner_id": "300183693647",
            "tags": {
              "Name": "sd-indirect-vpc"
            },
            "tags_all": {
              "Name": "sd-indirect-vpc"
            }
          },
          "sensitive_attributes": [],
          "identity_schema_version": 0,
          "private": "eyJzY2hlbWFfdmVyc2lvbiI6IjEifQ=="
        }
      ]
    },
    {
      "mode": "managed",
      "type": "local_sensitive_file",
      "name": "pem",
      "provider": "provider[\"registry.terraform.io/hashicorp/local\"]",
      "instances": [
        {
          "schema_version": 0,
          "attributes": {
            "content": "-----BEGIN RSA PRIVATE KEY-----\nMIIJKQIBAAKCAgEAmtzq4uyBAn6LSru8Ecfyg+LvN8PLqLd/LNlNo3SwZRMlnqNI\nFg/RKOaGUjjaGkYE3bsrsFOLYXeo8L1KibU18+7jNT7zBRZbnssejFyizxLTd8bL\ntMFbTkyvcSK4b8zfwyaMp64rbipF1h9iIelpThXWy7YevFgGfoSgPF1qRzDVZczm\nvhPRW/jvaSj2kDM06ZogPNww7Yj5RKI1Ev2YUrer0S964kXUDw8mWm4cLjG1Cf4m\nEtwMZTT8RlXbaoBqGatcp5UjM/LLBEEi6tU++rd5wX6irlRXR6CWYpmBtGBKKpRY\nhR/kqjSwnBnXxIoXf/+4u/0/HEWswsszX5KD0sRRs3oJfsLryD85V0unJ+kx4nzg\n7HvOH5X28GXDKfwGb74rjGQyNwvzApZO8nNvEYfbRgvc7/woKo32UYawOZ4VWSAa\nMuO5yWCIWrtD3BpqusFrhB/d6zd92mE+P81qjyndtBPh7nhnxTvFR5h143viojT3\ng0t8oHxL19ODShSYZpH+hWpZc9Kju2GMo2dYtCInqDh6LUxukkgi6gSu2vQoAuyw\nqgqrRTDqqnwwF6KAf8GRH0+mOskywGT0YTKjgobVHdIAsaWIj9UhOKyJm5xL7/bJ\nC56F9FMLUIUFR2nNsIn/g6xgciSQyyAbrUdI7bHC79xqoxiG9+tmlH/EhcsCAwEA\nAQKCAgBIVQhG3oVxd06zJNW2jmgZLt1h9AtDbhWyCntnbeDYDOXk30oTt+aPToEN\nlW1VmT+7mylQTe1LpJrdeuR+RowBOCKao6DZzvQTSrclgz0uMBJinxFVh3yQqWPG\nmZuA6LXZDj/jMAgsCAWfegAZa86aQLwXYSSg/xJldKftGgrCXq5FwrtBq7r9VNvq\nB86GUsyTkcAd/RDDWddntcXJbXaAqDZR2fXxCwF92SsmUMjL0L7JAJKi+3G0sddl\nOMPnzjwAalg4FAIhyPUHMy9OdTTZ4Om3NWFhwJYVqA2l1yJMcC8kDS79WwSwdTTK\nbI2pyIAqcnREJgicuXR0dXm02ZfFF4hOUFLX4/AxNrZsz38e94To6xXIdUdjKjdN\nbqY0q3pOSEekggtnxOgYGgKBa0/eCSUiM3n1DiueyNaFGDzzrYks+MRREgGYpwDa\nKIqQLp8tzEAzX846+WpKG/rlhK/9q0KqZVHQAbB6lYMabWCfB/oUtY/RO+E9IGHV\nyWsMhiEP/o9t9/vli/kY8LvSo35awlJ27TUyzejbVQUFdGMrGYs9MS5OnqB3/DcJ\npXccCz25N0OI0jYBln3DYtO2aeXmXSlbfICy4YxTn5Shk/CwZlOzOjk3dTVJ1rj+\ncmiCrwGcbMGjxlCiBBoPEMkv44HIDuSxo+MmGlujwJn37WVJfQKCAQEAzKCHDXeu\nrK+/Qw5ekyO3rRgvCGTSJqypC/m8fLw6LSsQZ+PIfzagQ9FH8f2gnVjNtZ9bzWrs\nmLcHHhVL4jCvvA5CtTtlCk9PVNZbOSbHPhuHnHzLIVJY/UKAvNDXofAkr8EnOwlC\nLsI25SWdxmhHu1/gcarl329nGh827EWp+2AEdc0NROvbplJetily9QUjf2OYYj3r\njqZlDvLoff5lrSwsQU0ACzawhM6KN2bmfxyHw08t0iQHUaNEAv9Tm3O7MYX0W0z7\n9/R6MpqFq588nLQ/LVShicuWuI+yc5mU6K6RR0OzEWKGC7qGJh/xmSdC4ylqxdUI\nfzmr10WJHpfW/wKCAQEAwb4HaoYCuj5RJJ1zRDyurmI/Yx31Zn+Bzre4dUewnVWz\nvciBSfBuEC1ctMeUTLlgc8zZfduKA1kT+mUrK4ZicUO0HQYWTxz8mQLwfStMBbdp\n4KBlhZAm4H9N/6CdTNjYarIJL6u4+XxwxUMnq1TWi0hY3fGr8Fgh/aMahJtwfnfJ\nkc4EzW2U5VavlDPfJEK+nWldnNaMX4UEwmT8l7cy7B2IHGippr8t1moloBFGF+W1\n8PIP4lHCXBa8U5SGD4vfE2BkmtVZ9RcHbCe+JqsvSEi99rVLS/95XWQ6f03seS63\nPKDFusOlJXXlNiECqBViqTGD+ruSmXRitiJE+CX9NQKCAQEArNhT+75Cn798MWor\n3OHovp+U6uQu11g1GtaCrmJYSdr8aqTvsPU1ftOCkBgK2Z4vdOD9LJDK9Vx0+KZI\niPFTH+hz1J4tBP5lJmZCfA4TcpTSgg6vjp/+Zz8Le3J1EmbEtmjTeHyjmNeYgwq5\nMOTY4p9j+N/AeHGjh18ih4V4xcsfOVpRgQwxZ1ZghkKQxgLnLy2zhBiFpuNKrcvl\nMrf2rsaHQ0mFZfN2O1gzTATxYiF5VDLHo5+nRwA/7MA7oS2qy3Q5Kf3nQFUT+zam\n/obtLfja/LFmGf0MfS10MU1jiQAb2zSGR4MPc0zFD+MfspyFVVigxibinITccGRe\nJKdhhQKCAQEAqnuSQQ09dy+A7YxTMreHKtIvXwOsvo3y5rlJ6oG0Cy6v5I98HVkh\nMMEJ89YvTDhPhHa853/4+Ss4Zj0B+OHe3DYsVuHVXbZvHCG3Bx3DXsBfvZbG3vnT\nC/dZ5lgqMsYZ4gFaDgW41mjHPv3x+VTFGXkHIf4YQ3z6JBuTKR8ypUa5K8Ey/qWv\nwQM/q1TdxSWqYA+onWs5yI/feUOt9b7yY001SXJb3uwZ5LQw+aJZoIu1RxlqGsfB\nFJG5FH78XM/C82T+AjU9XGrwUB7Et3gpOh0wc9hiMrTS0fhxdTZXoOcXvJToiYjB\nWK5ejPwNP2TaFXIJ5eeKf9gnSIftUsLzBQKCAQBNMTEqgRxFRziMlvUuLRudjFPL\nsCqkR/BVQVKCXppGLJT+S160dLTGdfcaM67R4SkkP7k+yZUIfh9kn9hQkUTGSbf3\nPcSYhEQGBH4zVZOgM3wD2hFLJWBIQamWWN9YscGsGRNRf+UOA02JeA+gAQS61ufs\n5Z+8P6uZ138k6mFmVunoNMXPySKPhPazkSGBcXsfzz6VTwDxJYQRKQqjyepprgrr\nEUiatfZ6lo3VK2Yf/kZ+rjnJo0L8oj/n//HUr+2hXsBHHTWvdDypsg1eZxDPvk+l\nn2lix2RAgJLg8LPXgqTof9cno4X2qelAxYLC7Y6+NdudKP5C80hh8p7ltDJU\n-----END RSA PRIVATE KEY-----\n",
            "content_base64": null,
            "content_base64sha256": "fD5s4q5wNSnahdngZSovfaVt24pAVyorHY7Vq4gV/oU=",
            "content_base64sha512": "tV9I9qBbfHWJPhd2G/FOxXUP+1E1oFM7scDgAH581gc4qM/9AJ7RqpNQljoCjdjqHHzGSVFy8RGOK5dkvqTGhw==",
            "content_md5": "10e30bd2a98df33225d1611a22e71aff",
            "content_sha1": "11faaed96c89d9220f4f06884266aa8b0d30cb5a",
            "content_sha256": "7c3e6ce2ae703529da85d9e0652a2f7da56ddb8a40572a2b1d8ed5ab8815fe85",
            "content_sha512": "b55f48f6a05b7c75893e17761bf14ec5750ffb5135a0533bb1c0e0007e7cd60738a8cffd009ed1aa9350963a028dd8ea1c7cc6495172f1118e2b9764bea4c687",
            "directory_permission": "0700",
            "file_permission": "0400",
            "filename": "./../../sd-indirect-key.pem",
            "id": "11faaed96c89d9220f4f06884266aa8b0d30cb5a",
            "source": null
          },
          "sensitive_attributes": [
            [
              {
                "type": "get_attr",
                "value": "content"
              }
            ],
            [
              {
                "type": "get_attr",
                "value": "content_base64"
              }
            ]
          ],
          "identity_schema_version": 0,
          "dependencies": [
            "tls_private_key.sd"
          ]
        }
      ]
    },
    {
      "mode": "managed",
      "type": "null_resource",
      "name": "client_setup",
      "provider": "provider[\"registry.terraform.io/hashicorp/null\"]",
      "instances": [
        {
          "schema_version": 0,
          "attributes": {
            "id": "2040924360768868146",
            "triggers": null
          },
          "sensitive_attributes": [],
          "identity_schema_version": 0,
          "dependencies": [
            "aws_instance.client",
            "aws_instance.infra",
            "aws_instance.worker",
            "aws_key_pair.sd",
            "aws_security_group.sd",
            "aws_subnet.public",
            "aws_vpc.main",
            "data.aws_ami.amzn2",
            "null_resource.worker_setup",
            "tls_private_key.sd"
          ]
        }
      ]
    },
    {
      "mode": "managed",
      "type": "null_resource",
      "name": "worker_setup",
      "provider": "provider[\"registry.terraform.io/hashicorp/null\"]",
      "instances": [
        {
          "index_key": 0,
          "schema_version": 0,
          "attributes": {
            "id": "2568935881171583753",
            "triggers": null
          },
          "sensitive_attributes": [],
          "identity_schema_version": 0,
          "dependencies": [
            "aws_instance.infra",
            "aws_instance.worker",
            "aws_key_pair.sd",
            "aws_security_group.sd",
            "aws_subnet.public",
            "aws_vpc.main",
            "data.aws_ami.amzn2",
            "tls_private_key.sd"
          ]
        },
        {
          "index_key": 1,
          "schema_version": 0,
          "attributes": {
            "id": "145713627441573668",
            "triggers": null
          },
          "sensitive_attributes": [],
          "identity_schema_version": 0,
          "dependencies": [
            "aws_instance.infra",
            "aws_instance.worker",
            "aws_key_pair.sd",
            "aws_security_group.sd",
            "aws_subnet.public",
            "aws_vpc.main",
            "data.aws_ami.amzn2",
            "tls_private_key.sd"
          ]
        },
        {
          "index_key": 2,
          "schema_version": 0,
          "attributes": {
            "id": "8285176238849174226",
            "triggers": null
          },
          "sensitive_attributes": [],
          "identity_schema_version": 0,
          "dependencies": [
            "aws_instance.infra",
            "aws_instance.worker",
            "aws_key_pair.sd",
            "aws_security_group.sd",
            "aws_subnet.public",
            "aws_vpc.main",
            "data.aws_ami.amzn2",
            "tls_private_key.sd"
          ]
        },
        {
          "index_key": 3,
          "schema_version": 0,
          "attributes": {
            "id": "6888663237124251202",
            "triggers": null
          },
          "sensitive_attributes": [],
          "identity_schema_version": 0,
          "dependencies": [
            "aws_instance.infra",
            "aws_instance.worker",
            "aws_key_pair.sd",
            "aws_security_group.sd",
            "aws_subnet.public",
            "aws_vpc.main",
            "data.aws_ami.amzn2",
            "tls_private_key.sd"
          ]
        },
        {
          "index_key": 4,
          "schema_version": 0,
          "attributes": {
            "id": "7285590619870197783",
            "triggers": null
          },
          "sensitive_attributes": [],
          "identity_schema_version": 0,
          "dependencies": [
            "aws_instance.infra",
            "aws_instance.worker",
            "aws_key_pair.sd",
            "aws_security_group.sd",
            "aws_subnet.public",
            "aws_vpc.main",
            "data.aws_ami.amzn2",
            "tls_private_key.sd"
          ]
        },
        {
          "index_key": 5,
          "schema_version": 0,
          "attributes": {
            "id": "5090843318984274433",
            "triggers": null
          },
          "sensitive_attributes": [],
          "identity_schema_version": 0,
          "dependencies": [
            "aws_instance.infra",
            "aws_instance.worker",
            "aws_key_pair.sd",
            "aws_security_group.sd",
            "aws_subnet.public",
            "aws_vpc.main",
            "data.aws_ami.amzn2",
            "tls_private_key.sd"
          ]
        }
      ]
    },
    {
      "mode": "managed",
      "type": "tls_private_key",
      "name": "sd",
      "provider": "provider[\"registry.terraform.io/hashicorp/tls\"]",
      "instances": [
        {
          "schema_version": 1,
          "attributes": {
            "algorithm": "RSA",
            "ecdsa_curve": "P224",
            "id": "499de637bcebc8d6eae2edf093e3f0736b2ecfc8",
            "private_key_openssh": "-----BEGIN OPENSSH PRIVATE KEY-----\nb3BlbnNzaC1rZXktdjEAAAAABG5vbmUAAAAEbm9uZQAAAAAAAAABAAACFwAAAAdz\nc2gtcnNhAAAAAwEAAQAAAgEAmtzq4uyBAn6LSru8Ecfyg+LvN8PLqLd/LNlNo3Sw\nZRMlnqNIFg/RKOaGUjjaGkYE3bsrsFOLYXeo8L1KibU18+7jNT7zBRZbnssejFyi\nzxLTd8bLtMFbTkyvcSK4b8zfwyaMp64rbipF1h9iIelpThXWy7YevFgGfoSgPF1q\nRzDVZczmvhPRW/jvaSj2kDM06ZogPNww7Yj5RKI1Ev2YUrer0S964kXUDw8mWm4c\nLjG1Cf4mEtwMZTT8RlXbaoBqGatcp5UjM/LLBEEi6tU++rd5wX6irlRXR6CWYpmB\ntGBKKpRYhR/kqjSwnBnXxIoXf/+4u/0/HEWswsszX5KD0sRRs3oJfsLryD85V0un\nJ+kx4nzg7HvOH5X28GXDKfwGb74rjGQyNwvzApZO8nNvEYfbRgvc7/woKo32UYaw\nOZ4VWSAaMuO5yWCIWrtD3BpqusFrhB/d6zd92mE+P81qjyndtBPh7nhnxTvFR5h1\n43viojT3g0t8oHxL19ODShSYZpH+hWpZc9Kju2GMo2dYtCInqDh6LUxukkgi6gSu\n2vQoAuywqgqrRTDqqnwwF6KAf8GRH0+mOskywGT0YTKjgobVHdIAsaWIj9UhOKyJ\nm5xL7/bJC56F9FMLUIUFR2nNsIn/g6xgciSQyyAbrUdI7bHC79xqoxiG9+tmlH/E\nhcsAAAc4oht2WaIbdlkAAAAHc3NoLXJzYQAAAgEAmtzq4uyBAn6LSru8Ecfyg+Lv\nN8PLqLd/LNlNo3SwZRMlnqNIFg/RKOaGUjjaGkYE3bsrsFOLYXeo8L1KibU18+7j\nNT7zBRZbnssejFyizxLTd8bLtMFbTkyvcSK4b8zfwyaMp64rbipF1h9iIelpThXW\ny7YevFgGfoSgPF1qRzDVZczmvhPRW/jvaSj2kDM06ZogPNww7Yj5RKI1Ev2YUrer\n0S964kXUDw8mWm4cLjG1Cf4mEtwMZTT8RlXbaoBqGatcp5UjM/LLBEEi6tU++rd5\nwX6irlRXR6CWYpmBtGBKKpRYhR/kqjSwnBnXxIoXf/+4u/0/HEWswsszX5KD0sRR\ns3oJfsLryD85V0unJ+kx4nzg7HvOH5X28GXDKfwGb74rjGQyNwvzApZO8nNvEYfb\nRgvc7/woKo32UYawOZ4VWSAaMuO5yWCIWrtD3BpqusFrhB/d6zd92mE+P81qjynd\ntBPh7nhnxTvFR5h143viojT3g0t8oHxL19ODShSYZpH+hWpZc9Kju2GMo2dYtCIn\nqDh6LUxukkgi6gSu2vQoAuywqgqrRTDqqnwwF6KAf8GRH0+mOskywGT0YTKjgobV\nHdIAsaWIj9UhOKyJm5xL7/bJC56F9FMLUIUFR2nNsIn/g6xgciSQyyAbrUdI7bHC\n79xqoxiG9+tmlH/EhcsAAAADAQABAAACAEhVCEbehXF3TrMk1baOaBku3WH0C0Nu\nFbIKe2dt4NgM5eTfShO35o9OgQ2VbVWZP7ubKVBN7Uukmt165H5GjAE4IpqjoNnO\n9BNKtyWDPS4wEmKfEVWHfJCpY8aZm4DotdkOP+MwCCwIBZ96ABlrzppAvBdhJKD/\nEmV0p+0aCsJerkXCu0Gruv1U2+oHzoZSzJORwB39EMNZ12e1xcltdoCoNlHZ9fEL\nAX3ZKyZQyMvQvskAkqL7cbSx12U4w+fOPABqWDgUAiHI9QczL051NNng6bc1YWHA\nlhWoDaXXIkxwLyQNLv1bBLB1NMpsjanIgCpydEQmCJy5dHR1ebTZl8UXiE5QUtfj\n8DE2tmzPfx73hOjrFch1R2MqN01upjSrek5IR6SCC2fE6BgaAoFrT94JJSIzefUO\nK57I1oUYPPOtiSz4xFESAZinANooipAuny3MQDNfzjr5akob+uWEr/2rQqplUdAB\nsHqVgxptYJ8H+hS1j9E74T0gYdXJawyGIQ/+j233++WL+Rjwu9KjflrCUnbtNTLN\n6NtVBQV0YysZiz0xLk6eoHf8NwmldxwLPbk3Q4jSNgGWfcNi07Zp5eZdKVt8gLLh\njFOflKGT8LBmU7M6OTd1NUnWuP5yaIKvAZxswaPGUKIEGg8QyS/jgcgO5LGj4yYa\nW6PAmfftZUl9AAABAE0xMSqBHEVHOIyW9S4tG52MU8uwKqRH8FVBUoJemkYslP5L\nXrR0tMZ19xozrtHhKSQ/uT7JlQh+H2Sf2FCRRMZJt/c9xJiERAYEfjNVk6AzfAPa\nEUslYEhBqZZY31ixwawZE1F/5Q4DTYl4D6ABBLrW5+zln7w/q5nXfyTqYWZW6eg0\nxc/JIo+E9rORIYFxex/PPpVPAPElhBEpCqPJ6mmuCusRSJq19nqWjdUrZh/+Rn6u\nOcmjQvyiP+f/8dSv7aFewEcdNa90PKmyDV5nEM++T6WfaWLHZECAkuDws9eCpOh/\n1yejhfap6UDFgsLtjr41250o/kLzSGHynuW0MlQAAAEBAMyghw13rqyvv0MOXpMj\nt60YLwhk0iasqQv5vHy8Oi0rEGfjyH82oEPRR/H9oJ1YzbWfW81q7Ji3Bx4VS+Iw\nr7wOQrU7ZQpPT1TWWzkmxz4bh5x8yyFSWP1CgLzQ16HwJK/BJzsJQi7CNuUlncZo\nR7tf4HGq5d9vZxofNuxFqftgBHXNDUTr26ZSXrYpcvUFI39jmGI9646mZQ7y6H3+\nZa0sLEFNAAs2sITOijdm5n8ch8NPLdIkB1GjRAL/U5tzuzGF9FtM+/f0ejKahauf\nPJy0Py1UoYnLlriPsnOZlOiukUdDsxFihgu6hiYf8ZknQuMpasXVCH85q9dFiR6X\n1v8AAAEBAMG+B2qGAro+USSdc0Q8rq5iP2Md9WZ/gc63uHVHsJ1Vs73IgUnwbhAt\nXLTHlEy5YHPM2X3bigNZE/plKyuGYnFDtB0GFk8c/JkC8H0rTAW3aeCgZYWQJuB/\nTf+gnUzY2GqyCS+ruPl8cMVDJ6tU1otIWN3xq/BYIf2jGoSbcH53yZHOBM1tlOVW\nr5Qz3yRCvp1pXZzWjF+FBMJk/Je3MuwdiBxoqaa/LdZqJaARRhfltfDyD+JRwlwW\nvFOUhg+L3xNgZJrVWfUXB2wnviarL0hIvfa1S0v/eV1kOn9N7HkutzygxbrDpSV1\n5TYhAqgVYqkxg/q7kpl0YrYiRPgl/TUAAAAAAQID\n-----END OPENSSH PRIVATE KEY-----\n",
            "private_key_pem": "-----BEGIN RSA PRIVATE KEY-----\nMIIJKQIBAAKCAgEAmtzq4uyBAn6LSru8Ecfyg+LvN8PLqLd/LNlNo3SwZRMlnqNI\nFg/RKOaGUjjaGkYE3bsrsFOLYXeo8L1KibU18+7jNT7zBRZbnssejFyizxLTd8bL\ntMFbTkyvcSK4b8zfwyaMp64rbipF1h9iIelpThXWy7YevFgGfoSgPF1qRzDVZczm\nvhPRW/jvaSj2kDM06ZogPNww7Yj5RKI1Ev2YUrer0S964kXUDw8mWm4cLjG1Cf4m\nEtwMZTT8RlXbaoBqGatcp5UjM/LLBEEi6tU++rd5wX6irlRXR6CWYpmBtGBKKpRY\nhR/kqjSwnBnXxIoXf/+4u/0/HEWswsszX5KD0sRRs3oJfsLryD85V0unJ+kx4nzg\n7HvOH5X28GXDKfwGb74rjGQyNwvzApZO8nNvEYfbRgvc7/woKo32UYawOZ4VWSAa\nMuO5yWCIWrtD3BpqusFrhB/d6zd92mE+P81qjyndtBPh7nhnxTvFR5h143viojT3\ng0t8oHxL19ODShSYZpH+hWpZc9Kju2GMo2dYtCInqDh6LUxukkgi6gSu2vQoAuyw\nqgqrRTDqqnwwF6KAf8GRH0+mOskywGT0YTKjgobVHdIAsaWIj9UhOKyJm5xL7/bJ\nC56F9FMLUIUFR2nNsIn/g6xgciSQyyAbrUdI7bHC79xqoxiG9+tmlH/EhcsCAwEA\nAQKCAgBIVQhG3oVxd06zJNW2jmgZLt1h9AtDbhWyCntnbeDYDOXk30oTt+aPToEN\nlW1VmT+7mylQTe1LpJrdeuR+RowBOCKao6DZzvQTSrclgz0uMBJinxFVh3yQqWPG\nmZuA6LXZDj/jMAgsCAWfegAZa86aQLwXYSSg/xJldKftGgrCXq5FwrtBq7r9VNvq\nB86GUsyTkcAd/RDDWddntcXJbXaAqDZR2fXxCwF92SsmUMjL0L7JAJKi+3G0sddl\nOMPnzjwAalg4FAIhyPUHMy9OdTTZ4Om3NWFhwJYVqA2l1yJMcC8kDS79WwSwdTTK\nbI2pyIAqcnREJgicuXR0dXm02ZfFF4hOUFLX4/AxNrZsz38e94To6xXIdUdjKjdN\nbqY0q3pOSEekggtnxOgYGgKBa0/eCSUiM3n1DiueyNaFGDzzrYks+MRREgGYpwDa\nKIqQLp8tzEAzX846+WpKG/rlhK/9q0KqZVHQAbB6lYMabWCfB/oUtY/RO+E9IGHV\nyWsMhiEP/o9t9/vli/kY8LvSo35awlJ27TUyzejbVQUFdGMrGYs9MS5OnqB3/DcJ\npXccCz25N0OI0jYBln3DYtO2aeXmXSlbfICy4YxTn5Shk/CwZlOzOjk3dTVJ1rj+\ncmiCrwGcbMGjxlCiBBoPEMkv44HIDuSxo+MmGlujwJn37WVJfQKCAQEAzKCHDXeu\nrK+/Qw5ekyO3rRgvCGTSJqypC/m8fLw6LSsQZ+PIfzagQ9FH8f2gnVjNtZ9bzWrs\nmLcHHhVL4jCvvA5CtTtlCk9PVNZbOSbHPhuHnHzLIVJY/UKAvNDXofAkr8EnOwlC\nLsI25SWdxmhHu1/gcarl329nGh827EWp+2AEdc0NROvbplJetily9QUjf2OYYj3r\njqZlDvLoff5lrSwsQU0ACzawhM6KN2bmfxyHw08t0iQHUaNEAv9Tm3O7MYX0W0z7\n9/R6MpqFq588nLQ/LVShicuWuI+yc5mU6K6RR0OzEWKGC7qGJh/xmSdC4ylqxdUI\nfzmr10WJHpfW/wKCAQEAwb4HaoYCuj5RJJ1zRDyurmI/Yx31Zn+Bzre4dUewnVWz\nvciBSfBuEC1ctMeUTLlgc8zZfduKA1kT+mUrK4ZicUO0HQYWTxz8mQLwfStMBbdp\n4KBlhZAm4H9N/6CdTNjYarIJL6u4+XxwxUMnq1TWi0hY3fGr8Fgh/aMahJtwfnfJ\nkc4EzW2U5VavlDPfJEK+nWldnNaMX4UEwmT8l7cy7B2IHGippr8t1moloBFGF+W1\n8PIP4lHCXBa8U5SGD4vfE2BkmtVZ9RcHbCe+JqsvSEi99rVLS/95XWQ6f03seS63\nPKDFusOlJXXlNiECqBViqTGD+ruSmXRitiJE+CX9NQKCAQEArNhT+75Cn798MWor\n3OHovp+U6uQu11g1GtaCrmJYSdr8aqTvsPU1ftOCkBgK2Z4vdOD9LJDK9Vx0+KZI\niPFTH+hz1J4tBP5lJmZCfA4TcpTSgg6vjp/+Zz8Le3J1EmbEtmjTeHyjmNeYgwq5\nMOTY4p9j+N/AeHGjh18ih4V4xcsfOVpRgQwxZ1ZghkKQxgLnLy2zhBiFpuNKrcvl\nMrf2rsaHQ0mFZfN2O1gzTATxYiF5VDLHo5+nRwA/7MA7oS2qy3Q5Kf3nQFUT+zam\n/obtLfja/LFmGf0MfS10MU1jiQAb2zSGR4MPc0zFD+MfspyFVVigxibinITccGRe\nJKdhhQKCAQEAqnuSQQ09dy+A7YxTMreHKtIvXwOsvo3y5rlJ6oG0Cy6v5I98HVkh\nMMEJ89YvTDhPhHa853/4+Ss4Zj0B+OHe3DYsVuHVXbZvHCG3Bx3DXsBfvZbG3vnT\nC/dZ5lgqMsYZ4gFaDgW41mjHPv3x+VTFGXkHIf4YQ3z6JBuTKR8ypUa5K8Ey/qWv\nwQM/q1TdxSWqYA+onWs5yI/feUOt9b7yY001SXJb3uwZ5LQw+aJZoIu1RxlqGsfB\nFJG5FH78XM/C82T+AjU9XGrwUB7Et3gpOh0wc9hiMrTS0fhxdTZXoOcXvJToiYjB\nWK5ejPwNP2TaFXIJ5eeKf9gnSIftUsLzBQKCAQBNMTEqgRxFRziMlvUuLRudjFPL\nsCqkR/BVQVKCXppGLJT+S160dLTGdfcaM67R4SkkP7k+yZUIfh9kn9hQkUTGSbf3\nPcSYhEQGBH4zVZOgM3wD2hFLJWBIQamWWN9YscGsGRNRf+UOA02JeA+gAQS61ufs\n5Z+8P6uZ138k6mFmVunoNMXPySKPhPazkSGBcXsfzz6VTwDxJYQRKQqjyepprgrr\nEUiatfZ6lo3VK2Yf/kZ+rjnJo0L8oj/n//HUr+2hXsBHHTWvdDypsg1eZxDPvk+l\nn2lix2RAgJLg8LPXgqTof9cno4X2qelAxYLC7Y6+NdudKP5C80hh8p7ltDJU\n-----END RSA PRIVATE KEY-----\n",
            "private_key_pem_pkcs8": "-----BEGIN PRIVATE KEY-----\nMIIJQwIBADANBgkqhkiG9w0BAQEFAASCCS0wggkpAgEAAoICAQCa3Ori7IECfotK\nu7wRx/KD4u83w8uot38s2U2jdLBlEyWeo0gWD9Eo5oZSONoaRgTduyuwU4thd6jw\nvUqJtTXz7uM1PvMFFlueyx6MXKLPEtN3xsu0wVtOTK9xIrhvzN/DJoynrituKkXW\nH2Ih6WlOFdbLth68WAZ+hKA8XWpHMNVlzOa+E9Fb+O9pKPaQMzTpmiA83DDtiPlE\nojUS/ZhSt6vRL3riRdQPDyZabhwuMbUJ/iYS3AxlNPxGVdtqgGoZq1ynlSMz8ssE\nQSLq1T76t3nBfqKuVFdHoJZimYG0YEoqlFiFH+SqNLCcGdfEihd//7i7/T8cRazC\nyzNfkoPSxFGzegl+wuvIPzlXS6cn6THifODse84flfbwZcMp/AZvviuMZDI3C/MC\nlk7yc28Rh9tGC9zv/CgqjfZRhrA5nhVZIBoy47nJYIhau0PcGmq6wWuEH93rN33a\nYT4/zWqPKd20E+HueGfFO8VHmHXje+KiNPeDS3ygfEvX04NKFJhmkf6Fallz0qO7\nYYyjZ1i0IieoOHotTG6SSCLqBK7a9CgC7LCqCqtFMOqqfDAXooB/wZEfT6Y6yTLA\nZPRhMqOChtUd0gCxpYiP1SE4rImbnEvv9skLnoX0UwtQhQVHac2wif+DrGByJJDL\nIButR0jtscLv3GqjGIb362aUf8SFywIDAQABAoICAEhVCEbehXF3TrMk1baOaBku\n3WH0C0NuFbIKe2dt4NgM5eTfShO35o9OgQ2VbVWZP7ubKVBN7Uukmt165H5GjAE4\nIpqjoNnO9BNKtyWDPS4wEmKfEVWHfJCpY8aZm4DotdkOP+MwCCwIBZ96ABlrzppA\nvBdhJKD/EmV0p+0aCsJerkXCu0Gruv1U2+oHzoZSzJORwB39EMNZ12e1xcltdoCo\nNlHZ9fELAX3ZKyZQyMvQvskAkqL7cbSx12U4w+fOPABqWDgUAiHI9QczL051NNng\n6bc1YWHAlhWoDaXXIkxwLyQNLv1bBLB1NMpsjanIgCpydEQmCJy5dHR1ebTZl8UX\niE5QUtfj8DE2tmzPfx73hOjrFch1R2MqN01upjSrek5IR6SCC2fE6BgaAoFrT94J\nJSIzefUOK57I1oUYPPOtiSz4xFESAZinANooipAuny3MQDNfzjr5akob+uWEr/2r\nQqplUdABsHqVgxptYJ8H+hS1j9E74T0gYdXJawyGIQ/+j233++WL+Rjwu9KjflrC\nUnbtNTLN6NtVBQV0YysZiz0xLk6eoHf8NwmldxwLPbk3Q4jSNgGWfcNi07Zp5eZd\nKVt8gLLhjFOflKGT8LBmU7M6OTd1NUnWuP5yaIKvAZxswaPGUKIEGg8QyS/jgcgO\n5LGj4yYaW6PAmfftZUl9AoIBAQDMoIcNd66sr79DDl6TI7etGC8IZNImrKkL+bx8\nvDotKxBn48h/NqBD0Ufx/aCdWM21n1vNauyYtwceFUviMK+8DkK1O2UKT09U1ls5\nJsc+G4ecfMshUlj9QoC80Neh8CSvwSc7CUIuwjblJZ3GaEe7X+BxquXfb2caHzbs\nRan7YAR1zQ1E69umUl62KXL1BSN/Y5hiPeuOpmUO8uh9/mWtLCxBTQALNrCEzoo3\nZuZ/HIfDTy3SJAdRo0QC/1Obc7sxhfRbTPv39HoymoWrnzyctD8tVKGJy5a4j7Jz\nmZTorpFHQ7MRYoYLuoYmH/GZJ0LjKWrF1Qh/OavXRYkel9b/AoIBAQDBvgdqhgK6\nPlEknXNEPK6uYj9jHfVmf4HOt7h1R7CdVbO9yIFJ8G4QLVy0x5RMuWBzzNl924oD\nWRP6ZSsrhmJxQ7QdBhZPHPyZAvB9K0wFt2ngoGWFkCbgf03/oJ1M2Nhqsgkvq7j5\nfHDFQyerVNaLSFjd8avwWCH9oxqEm3B+d8mRzgTNbZTlVq+UM98kQr6daV2c1oxf\nhQTCZPyXtzLsHYgcaKmmvy3WaiWgEUYX5bXw8g/iUcJcFrxTlIYPi98TYGSa1Vn1\nFwdsJ74mqy9ISL32tUtL/3ldZDp/Tex5Lrc8oMW6w6UldeU2IQKoFWKpMYP6u5KZ\ndGK2IkT4Jf01AoIBAQCs2FP7vkKfv3wxaivc4ei+n5Tq5C7XWDUa1oKuYlhJ2vxq\npO+w9TV+04KQGArZni904P0skMr1XHT4pkiI8VMf6HPUni0E/mUmZkJ8DhNylNKC\nDq+On/5nPwt7cnUSZsS2aNN4fKOY15iDCrkw5Njin2P438B4caOHXyKHhXjFyx85\nWlGBDDFnVmCGQpDGAucvLbOEGIWm40qty+Uyt/auxodDSYVl83Y7WDNMBPFiIXlU\nMsejn6dHAD/swDuhLarLdDkp/edAVRP7Nqb+hu0t+Nr8sWYZ/Qx9LXQxTWOJABvb\nNIZHgw9zTMUP4x+ynIVVWKDGJuKchNxwZF4kp2GFAoIBAQCqe5JBDT13L4DtjFMy\nt4cq0i9fA6y+jfLmuUnqgbQLLq/kj3wdWSEwwQnz1i9MOE+Edrznf/j5KzhmPQH4\n4d7cNixW4dVdtm8cIbcHHcNewF+9lsbe+dML91nmWCoyxhniAVoOBbjWaMc+/fH5\nVMUZeQch/hhDfPokG5MpHzKlRrkrwTL+pa/BAz+rVN3FJapgD6idaznIj995Q631\nvvJjTTVJclve7BnktDD5olmgi7VHGWoax8EUkbkUfvxcz8LzZP4CNT1cavBQHsS3\neCk6HTBz2GIytNLR+HF1Nleg5xe8lOiJiMFYrl6M/A0/ZNoVcgnl54p/2CdIh+1S\nwvMFAoIBAE0xMSqBHEVHOIyW9S4tG52MU8uwKqRH8FVBUoJemkYslP5LXrR0tMZ1\n9xozrtHhKSQ/uT7JlQh+H2Sf2FCRRMZJt/c9xJiERAYEfjNVk6AzfAPaEUslYEhB\nqZZY31ixwawZE1F/5Q4DTYl4D6ABBLrW5+zln7w/q5nXfyTqYWZW6eg0xc/JIo+E\n9rORIYFxex/PPpVPAPElhBEpCqPJ6mmuCusRSJq19nqWjdUrZh/+Rn6uOcmjQvyi\nP+f/8dSv7aFewEcdNa90PKmyDV5nEM++T6WfaWLHZECAkuDws9eCpOh/1yejhfap\n6UDFgsLtjr41250o/kLzSGHynuW0MlQ=\n-----END PRIVATE KEY-----\n",
            "public_key_fingerprint_md5": "48:27:3c:b8:94:11:c5:1e:e3:07:18:4b:29:67:83:b9",
            "public_key_fingerprint_sha256": "SHA256:CUubbd2CA/yJRnFCV6/56kC6PEyrje8+JgSmN7EF9j8",
            "public_key_openssh": "ssh-rsa AAAAB3NzaC1yc2EAAAADAQABAAACAQCa3Ori7IECfotKu7wRx/KD4u83w8uot38s2U2jdLBlEyWeo0gWD9Eo5oZSONoaRgTduyuwU4thd6jwvUqJtTXz7uM1PvMFFlueyx6MXKLPEtN3xsu0wVtOTK9xIrhvzN/DJoynrituKkXWH2Ih6WlOFdbLth68WAZ+hKA8XWpHMNVlzOa+E9Fb+O9pKPaQMzTpmiA83DDtiPlEojUS/ZhSt6vRL3riRdQPDyZabhwuMbUJ/iYS3AxlNPxGVdtqgGoZq1ynlSMz8ssEQSLq1T76t3nBfqKuVFdHoJZimYG0YEoqlFiFH+SqNLCcGdfEihd//7i7/T8cRazCyzNfkoPSxFGzegl+wuvIPzlXS6cn6THifODse84flfbwZcMp/AZvviuMZDI3C/MClk7yc28Rh9tGC9zv/CgqjfZRhrA5nhVZIBoy47nJYIhau0PcGmq6wWuEH93rN33aYT4/zWqPKd20E+HueGfFO8VHmHXje+KiNPeDS3ygfEvX04NKFJhmkf6Fallz0qO7YYyjZ1i0IieoOHotTG6SSCLqBK7a9CgC7LCqCqtFMOqqfDAXooB/wZEfT6Y6yTLAZPRhMqOChtUd0gCxpYiP1SE4rImbnEvv9skLnoX0UwtQhQVHac2wif+DrGByJJDLIButR0jtscLv3GqjGIb362aUf8SFyw==\n",
            "public_key_pem": "-----BEGIN PUBLIC KEY-----\nMIICIjANBgkqhkiG9w0BAQEFAAOCAg8AMIICCgKCAgEAmtzq4uyBAn6LSru8Ecfy\ng+LvN8PLqLd/LNlNo3SwZRMlnqNIFg/RKOaGUjjaGkYE3bsrsFOLYXeo8L1KibU1\n8+7jNT7zBRZbnssejFyizxLTd8bLtMFbTkyvcSK4b8zfwyaMp64rbipF1h9iIelp\nThXWy7YevFgGfoSgPF1qRzDVZczmvhPRW/jvaSj2kDM06ZogPNww7Yj5RKI1Ev2Y\nUrer0S964kXUDw8mWm4cLjG1Cf4mEtwMZTT8RlXbaoBqGatcp5UjM/LLBEEi6tU+\n+rd5wX6irlRXR6CWYpmBtGBKKpRYhR/kqjSwnBnXxIoXf/+4u/0/HEWswsszX5KD\n0sRRs3oJfsLryD85V0unJ+kx4nzg7HvOH5X28GXDKfwGb74rjGQyNwvzApZO8nNv\nEYfbRgvc7/woKo32UYawOZ4VWSAaMuO5yWCIWrtD3BpqusFrhB/d6zd92mE+P81q\njyndtBPh7nhnxTvFR5h143viojT3g0t8oHxL19ODShSYZpH+hWpZc9Kju2GMo2dY\ntCInqDh6LUxukkgi6gSu2vQoAuywqgqrRTDqqnwwF6KAf8GRH0+mOskywGT0YTKj\ngobVHdIAsaWIj9UhOKyJm5xL7/bJC56F9FMLUIUFR2nNsIn/g6xgciSQyyAbrUdI\n7bHC79xqoxiG9+tmlH/EhcsCAwEAAQ==\n-----END PUBLIC KEY-----\n",
            "rsa_bits": 4096
          },
          "sensitive_attributes": [
            [
              {
                "type": "get_attr",
                "value": "private_key_openssh"
              }
            ],
            [
              {
                "type": "get_attr",
                "value": "private_key_pem"
              }
            ],
            [
              {
                "type": "get_attr",
                "value": "private_key_pem_pkcs8"
              }
            ]
          ],
          "identity_schema_version": 0
        }
      ]
    }
  ],
  "check_results": null
}
