{
  "version": 4,
  "terraform_version": "1.15.2",
  "serial": 150,
  "lineage": "42768e75-8d4d-d50f-65d6-56f2dcedbf3e",
  "outputs": {
    "ips": {
      "value": {
        "client": "34.200.217.62",
        "infra": "34.232.109.62",
        "loadbalancer": "13.218.182.146",
        "worker1": "107.23.86.2",
        "worker2": "3.239.40.85"
      },
      "type": [
        "object",
        {
          "client": "string",
          "infra": "string",
          "loadbalancer": "string",
          "worker1": "string",
          "worker2": "string"
        }
      ]
    },
    "siguiente_paso": {
      "value": "\n============================================================\n DIRECT listo — Infra (Redis+NS), Workers y LB arrancados\n============================================================\n\n Entra al cliente y ejecuta el benchmark:\n\n   ssh -i sd-direct-key.pem ec2-user@34.200.217.62\n   bash ~/benchmark.sh unnumbered\n   bash ~/benchmark.sh numbered\n\n============================================================\n",
      "type": "string"
    }
  },
  "resources": [
    {
      "mode": "data",
      "type": "aws_ami",
      "name": "amzn2",
      "provider": "provider[\"registry.terraform.io/hashicorp/aws\"]",
      "instances": [
        {
          "schema_version": 0,
          "attributes": {
            "architecture": "x86_64",
            "arn": "arn:aws:ec2:us-east-1::image/ami-0fa63072dba82baa6",
            "block_device_mappings": [
              {
                "device_name": "/dev/xvda",
                "ebs": {
                  "delete_on_termination": "true",
                  "encrypted": "false",
                  "iops": "0",
                  "snapshot_id": "snap-0f38478bf6f0da48e",
                  "throughput": "0",
                  "volume_initialization_rate": "0",
                  "volume_size": "8",
                  "volume_type": "gp2"
                },
                "no_device": "",
                "virtual_name": ""
              }
            ],
            "boot_mode": "",
            "creation_date": "2026-05-09T02:54:58.000Z",
            "deprecation_time": "2026-08-07T05:07:00.000Z",
            "description": "Amazon Linux 2 AMI 2.0.20260508.0 x86_64 HVM gp2",
            "ena_support": true,
            "executable_users": null,
            "filter": [
              {
                "name": "name",
                "values": [
                  "amzn2-ami-hvm-*-x86_64-gp2"
                ]
              }
            ],
            "hypervisor": "xen",
            "id": "ami-0fa63072dba82baa6",
            "image_id": "ami-0fa63072dba82baa6",
            "image_location": "amazon/amzn2-ami-hvm-2.0.20260508.0-x86_64-gp2",
            "image_owner_alias": "amazon",
            "image_type": "machine",
            "imds_support": "",
            "include_deprecated": false,
            "kernel_id": "",
            "last_launched_time": "",
            "most_recent": true,
            "name": "amzn2-ami-hvm-2.0.20260508.0-x86_64-gp2",
            "name_regex": null,
            "owner_id": "137112412989",
            "owners": [
              "amazon"
            ],
            "platform": "",
            "platform_details": "Linux/UNIX",
            "product_codes": [],
            "public": true,
            "ramdisk_id": "",
            "root_device_name": "/dev/xvda",
            "root_device_type": "ebs",
            "root_snapshot_id": "snap-0f38478bf6f0da48e",
            "sriov_net_support": "simple",
            "state": "available",
            "state_reason": {
              "code": "UNSET",
              "message": "UNSET"
            },
            "tags": {},
            "timeouts": null,
            "tpm_support": "",
            "uefi_data": null,
            "usage_operation": "RunInstances",
            "virtualization_type": "hvm"
          },
          "sensitive_attributes": [],
          "identity_schema_version": 0
        }
      ]
    },
    {
      "mode": "managed",
      "type": "aws_instance",
      "name": "client",
      "provider": "provider[\"registry.terraform.io/hashicorp/aws\"]",
      "instances": [
        {
          "schema_version": 1,
          "attributes": {
            "ami": "ami-0fa63072dba82baa6",
            "arn": "arn:aws:ec2:us-east-1:300183693647:instance/i-0a8434f311d0a7102",
            "associate_public_ip_address": true,
            "availability_zone": "us-east-1a",
            "capacity_reservation_specification": [
              {
                "capacity_reservation_preference": "open",
                "capacity_reservation_target": []
              }
            ],
            "cpu_core_count": 1,
            "cpu_options": [
              {
                "amd_sev_snp": "",
                "core_count": 1,
                "threads_per_core": 1
              }
            ],
            "cpu_threads_per_core": 1,
            "credit_specification": [
              {
                "cpu_credits": "standard"
              }
            ],
            "disable_api_stop": false,
            "disable_api_termination": false,
            "ebs_block_device": [],
            "ebs_optimized": false,
            "enable_primary_ipv6": null,
            "enclave_options": [
              {
                "enabled": false
              }
            ],
            "ephemeral_block_device": [],
            "get_password_data": false,
            "hibernation": false,
            "host_id": "",
            "host_resource_group_arn": null,
            "iam_instance_profile": "",
            "id": "i-0a8434f311d0a7102",
            "instance_initiated_shutdown_behavior": "stop",
            "instance_lifecycle": "",
            "instance_market_options": [],
            "instance_state": "running",
            "instance_type": "t2.micro",
            "ipv6_address_count": 0,
            "ipv6_addresses": [],
            "key_name": "sd-direct-key",
            "launch_template": [],
            "maintenance_options": [
              {
                "auto_recovery": "default"
              }
            ],
            "metadata_options": [
              {
                "http_endpoint": "enabled",
                "http_protocol_ipv6": "disabled",
                "http_put_response_hop_limit": 1,
                "http_tokens": "optional",
                "instance_metadata_tags": "disabled"
              }
            ],
            "monitoring": false,
            "network_interface": [],
            "outpost_arn": "",
            "password_data": "",
            "placement_group": "",
            "placement_partition_number": 0,
            "primary_network_interface_id": "eni-0dc4328d39b184a4b",
            "private_dns": "ip-10-0-1-106.ec2.internal",
            "private_dns_name_options": [
              {
                "enable_resource_name_dns_a_record": false,
                "enable_resource_name_dns_aaaa_record": false,
                "hostname_type": "ip-name"
              }
            ],
            "private_ip": "10.0.1.106",
            "public_dns": "ec2-34-200-217-62.compute-1.amazonaws.com",
            "public_ip": "34.200.217.62",
            "root_block_device": [
              {
                "delete_on_termination": true,
                "device_name": "/dev/xvda",
                "encrypted": false,
                "iops": 100,
                "kms_key_id": "",
                "tags": {},
                "tags_all": {},
                "throughput": 0,
                "volume_id": "vol-00568fd7663f210ef",
                "volume_size": 8,
                "volume_type": "gp2"
              }
            ],
            "secondary_private_ips": [],
            "security_groups": [],
            "source_dest_check": true,
            "spot_instance_request_id": "",
            "subnet_id": "subnet-0b1dc797cdd1d785f",
            "tags": {
              "Name": "direct-client"
            },
            "tags_all": {
              "Name": "direct-client"
            },
            "tenancy": "default",
            "timeouts": null,
            "user_data": "50b1281be79222447f46a56cb0c77de539f2fef5",
            "user_data_base64": null,
            "user_data_replace_on_change": false,
            "volume_tags": null,
            "vpc_security_group_ids": [
              "sg-0085c4f40af239870"
            ]
          },
          "sensitive_attributes": [],
          "identity_schema_version": 0,
          "private": "eyJlMmJmYjczMC1lY2FhLTExZTYtOGY4OC0zNDM2M2JjN2M0YzAiOnsiY3JlYXRlIjo2MDAwMDAwMDAwMDAsImRlbGV0ZSI6MTIwMDAwMDAwMDAwMCwicmVhZCI6OTAwMDAwMDAwMDAwLCJ1cGRhdGUiOjYwMDAwMDAwMDAwMH0sInNjaGVtYV92ZXJzaW9uIjoiMSJ9",
          "dependencies": [
            "aws_key_pair.sd",
            "aws_security_group.sd",
            "aws_subnet.public",
            "aws_vpc.main",
            "data.aws_ami.amzn2",
            "tls_private_key.sd"
          ]
        }
      ]
    },
    {
      "mode": "managed",
      "type": "aws_instance",
      "name": "infra",
      "provider": "provider[\"registry.terraform.io/hashicorp/aws\"]",
      "instances": [
        {
          "schema_version": 1,
          "attributes": {
            "ami": "ami-0fa63072dba82baa6",
            "arn": "arn:aws:ec2:us-east-1:300183693647:instance/i-0c21c57f0c789957f",
            "associate_public_ip_address": true,
            "availability_zone": "us-east-1a",
            "capacity_reservation_specification": [
              {
                "capacity_reservation_preference": "open",
                "capacity_reservation_target": []
              }
            ],
            "cpu_core_count": 1,
            "cpu_options": [
              {
                "amd_sev_snp": "",
                "core_count": 1,
                "threads_per_core": 1
              }
            ],
            "cpu_threads_per_core": 1,
            "credit_specification": [
              {
                "cpu_credits": "standard"
              }
            ],
            "disable_api_stop": false,
            "disable_api_termination": false,
            "ebs_block_device": [],
            "ebs_optimized": false,
            "enable_primary_ipv6": null,
            "enclave_options": [
              {
                "enabled": false
              }
            ],
            "ephemeral_block_device": [],
            "get_password_data": false,
            "hibernation": false,
            "host_id": "",
            "host_resource_group_arn": null,
            "iam_instance_profile": "",
            "id": "i-0c21c57f0c789957f",
            "instance_initiated_shutdown_behavior": "stop",
            "instance_lifecycle": "",
            "instance_market_options": [],
            "instance_state": "running",
            "instance_type": "t2.micro",
            "ipv6_address_count": 0,
            "ipv6_addresses": [],
            "key_name": "sd-direct-key",
            "launch_template": [],
            "maintenance_options": [
              {
                "auto_recovery": "default"
              }
            ],
            "metadata_options": [
              {
                "http_endpoint": "enabled",
                "http_protocol_ipv6": "disabled",
                "http_put_response_hop_limit": 1,
                "http_tokens": "optional",
                "instance_metadata_tags": "disabled"
              }
            ],
            "monitoring": false,
            "network_interface": [],
            "outpost_arn": "",
            "password_data": "",
            "placement_group": "",
            "placement_partition_number": 0,
            "primary_network_interface_id": "eni-0e4e2088213b15b20",
            "private_dns": "ip-10-0-1-195.ec2.internal",
            "private_dns_name_options": [
              {
                "enable_resource_name_dns_a_record": false,
                "enable_resource_name_dns_aaaa_record": false,
                "hostname_type": "ip-name"
              }
            ],
            "private_ip": "10.0.1.195",
            "public_dns": "ec2-34-232-109-62.compute-1.amazonaws.com",
            "public_ip": "34.232.109.62",
            "root_block_device": [
              {
                "delete_on_termination": true,
                "device_name": "/dev/xvda",
                "encrypted": false,
                "iops": 100,
                "kms_key_id": "",
                "tags": {},
                "tags_all": {},
                "throughput": 0,
                "volume_id": "vol-04aadad875b4335ae",
                "volume_size": 8,
                "volume_type": "gp2"
              }
            ],
            "secondary_private_ips": [],
            "security_groups": [],
            "source_dest_check": true,
            "spot_instance_request_id": "",
            "subnet_id": "subnet-0b1dc797cdd1d785f",
            "tags": {
              "Name": "direct-infra"
            },
            "tags_all": {
              "Name": "direct-infra"
            },
            "tenancy": "default",
            "timeouts": null,
            "user_data": "943aef702f56b7056f283975a7caffa326bd6bd8",
            "user_data_base64": null,
            "user_data_replace_on_change": false,
            "volume_tags": null,
            "vpc_security_group_ids": [
              "sg-0085c4f40af239870"
            ]
          },
          "sensitive_attributes": [],
          "identity_schema_version": 0,
          "private": "eyJlMmJmYjczMC1lY2FhLTExZTYtOGY4OC0zNDM2M2JjN2M0YzAiOnsiY3JlYXRlIjo2MDAwMDAwMDAwMDAsImRlbGV0ZSI6MTIwMDAwMDAwMDAwMCwicmVhZCI6OTAwMDAwMDAwMDAwLCJ1cGRhdGUiOjYwMDAwMDAwMDAwMH0sInNjaGVtYV92ZXJzaW9uIjoiMSJ9",
          "dependencies": [
            "aws_key_pair.sd",
            "aws_security_group.sd",
            "aws_subnet.public",
            "aws_vpc.main",
            "data.aws_ami.amzn2",
            "tls_private_key.sd"
          ]
        }
      ]
    },
    {
      "mode": "managed",
      "type": "aws_instance",
      "name": "loadbalancer",
      "provider": "provider[\"registry.terraform.io/hashicorp/aws\"]",
      "instances": [
        {
          "schema_version": 1,
          "attributes": {
            "ami": "ami-0fa63072dba82baa6",
            "arn": "arn:aws:ec2:us-east-1:300183693647:instance/i-0a4f2a6d8921d67b5",
            "associate_public_ip_address": true,
            "availability_zone": "us-east-1a",
            "capacity_reservation_specification": [
              {
                "capacity_reservation_preference": "open",
                "capacity_reservation_target": []
              }
            ],
            "cpu_core_count": 1,
            "cpu_options": [
              {
                "amd_sev_snp": "",
                "core_count": 1,
                "threads_per_core": 1
              }
            ],
            "cpu_threads_per_core": 1,
            "credit_specification": [
              {
                "cpu_credits": "standard"
              }
            ],
            "disable_api_stop": false,
            "disable_api_termination": false,
            "ebs_block_device": [],
            "ebs_optimized": false,
            "enable_primary_ipv6": null,
            "enclave_options": [
              {
                "enabled": false
              }
            ],
            "ephemeral_block_device": [],
            "get_password_data": false,
            "hibernation": false,
            "host_id": "",
            "host_resource_group_arn": null,
            "iam_instance_profile": "",
            "id": "i-0a4f2a6d8921d67b5",
            "instance_initiated_shutdown_behavior": "stop",
            "instance_lifecycle": "",
            "instance_market_options": [],
            "instance_state": "running",
            "instance_type": "t2.micro",
            "ipv6_address_count": 0,
            "ipv6_addresses": [],
            "key_name": "sd-direct-key",
            "launch_template": [],
            "maintenance_options": [
              {
                "auto_recovery": "default"
              }
            ],
            "metadata_options": [
              {
                "http_endpoint": "enabled",
                "http_protocol_ipv6": "disabled",
                "http_put_response_hop_limit": 1,
                "http_tokens": "optional",
                "instance_metadata_tags": "disabled"
              }
            ],
            "monitoring": false,
            "network_interface": [],
            "outpost_arn": "",
            "password_data": "",
            "placement_group": "",
            "placement_partition_number": 0,
            "primary_network_interface_id": "eni-02f3f57ac0e3a41ef",
            "private_dns": "ip-10-0-1-151.ec2.internal",
            "private_dns_name_options": [
              {
                "enable_resource_name_dns_a_record": false,
                "enable_resource_name_dns_aaaa_record": false,
                "hostname_type": "ip-name"
              }
            ],
            "private_ip": "10.0.1.151",
            "public_dns": "ec2-13-218-182-146.compute-1.amazonaws.com",
            "public_ip": "13.218.182.146",
            "root_block_device": [
              {
                "delete_on_termination": true,
                "device_name": "/dev/xvda",
                "encrypted": false,
                "iops": 100,
                "kms_key_id": "",
                "tags": {},
                "tags_all": {},
                "throughput": 0,
                "volume_id": "vol-0136c18d2876f87a8",
                "volume_size": 8,
                "volume_type": "gp2"
              }
            ],
            "secondary_private_ips": [],
            "security_groups": [],
            "source_dest_check": true,
            "spot_instance_request_id": "",
            "subnet_id": "subnet-0b1dc797cdd1d785f",
            "tags": {
              "Name": "direct-loadbalancer"
            },
            "tags_all": {
              "Name": "direct-loadbalancer"
            },
            "tenancy": "default",
            "timeouts": null,
            "user_data": "50b1281be79222447f46a56cb0c77de539f2fef5",
            "user_data_base64": null,
            "user_data_replace_on_change": false,
            "volume_tags": null,
            "vpc_security_group_ids": [
              "sg-0085c4f40af239870"
            ]
          },
          "sensitive_attributes": [],
          "identity_schema_version": 0,
          "private": "eyJlMmJmYjczMC1lY2FhLTExZTYtOGY4OC0zNDM2M2JjN2M0YzAiOnsiY3JlYXRlIjo2MDAwMDAwMDAwMDAsImRlbGV0ZSI6MTIwMDAwMDAwMDAwMCwicmVhZCI6OTAwMDAwMDAwMDAwLCJ1cGRhdGUiOjYwMDAwMDAwMDAwMH0sInNjaGVtYV92ZXJzaW9uIjoiMSJ9",
          "dependencies": [
            "aws_key_pair.sd",
            "aws_security_group.sd",
            "aws_subnet.public",
            "aws_vpc.main",
            "data.aws_ami.amzn2",
            "tls_private_key.sd"
          ]
        }
      ]
    },
    {
      "mode": "managed",
      "type": "aws_instance",
      "name": "worker",
      "provider": "provider[\"registry.terraform.io/hashicorp/aws\"]",
      "instances": [
        {
          "index_key": 0,
          "schema_version": 1,
          "attributes": {
            "ami": "ami-0fa63072dba82baa6",
            "arn": "arn:aws:ec2:us-east-1:300183693647:instance/i-0945010a14562b297",
            "associate_public_ip_address": true,
            "availability_zone": "us-east-1a",
            "capacity_reservation_specification": [
              {
                "capacity_reservation_preference": "open",
                "capacity_reservation_target": []
              }
            ],
            "cpu_core_count": 1,
            "cpu_options": [
              {
                "amd_sev_snp": "",
                "core_count": 1,
                "threads_per_core": 1
              }
            ],
            "cpu_threads_per_core": 1,
            "credit_specification": [
              {
                "cpu_credits": "standard"
              }
            ],
            "disable_api_stop": false,
            "disable_api_termination": false,
            "ebs_block_device": [],
            "ebs_optimized": false,
            "enable_primary_ipv6": null,
            "enclave_options": [
              {
                "enabled": false
              }
            ],
            "ephemeral_block_device": [],
            "get_password_data": false,
            "hibernation": false,
            "host_id": "",
            "host_resource_group_arn": null,
            "iam_instance_profile": "",
            "id": "i-0945010a14562b297",
            "instance_initiated_shutdown_behavior": "stop",
            "instance_lifecycle": "",
            "instance_market_options": [],
            "instance_state": "running",
            "instance_type": "t2.micro",
            "ipv6_address_count": 0,
            "ipv6_addresses": [],
            "key_name": "sd-direct-key",
            "launch_template": [],
            "maintenance_options": [
              {
                "auto_recovery": "default"
              }
            ],
            "metadata_options": [
              {
                "http_endpoint": "enabled",
                "http_protocol_ipv6": "disabled",
                "http_put_response_hop_limit": 1,
                "http_tokens": "optional",
                "instance_metadata_tags": "disabled"
              }
            ],
            "monitoring": false,
            "network_interface": [],
            "outpost_arn": "",
            "password_data": "",
            "placement_group": "",
            "placement_partition_number": 0,
            "primary_network_interface_id": "eni-05b7d6a1c309ab67d",
            "private_dns": "ip-10-0-1-251.ec2.internal",
            "private_dns_name_options": [
              {
                "enable_resource_name_dns_a_record": false,
                "enable_resource_name_dns_aaaa_record": false,
                "hostname_type": "ip-name"
              }
            ],
            "private_ip": "10.0.1.251",
            "public_dns": "ec2-107-23-86-2.compute-1.amazonaws.com",
            "public_ip": "107.23.86.2",
            "root_block_device": [
              {
                "delete_on_termination": true,
                "device_name": "/dev/xvda",
                "encrypted": false,
                "iops": 100,
                "kms_key_id": "",
                "tags": {},
                "tags_all": {},
                "throughput": 0,
                "volume_id": "vol-0f6c6d05d2cad3d47",
                "volume_size": 8,
                "volume_type": "gp2"
              }
            ],
            "secondary_private_ips": [],
            "security_groups": [],
            "source_dest_check": true,
            "spot_instance_request_id": "",
            "subnet_id": "subnet-0b1dc797cdd1d785f",
            "tags": {
              "Name": "direct-worker1"
            },
            "tags_all": {
              "Name": "direct-worker1"
            },
            "tenancy": "default",
            "timeouts": null,
            "user_data": "50b1281be79222447f46a56cb0c77de539f2fef5",
            "user_data_base64": null,
            "user_data_replace_on_change": false,
            "volume_tags": null,
            "vpc_security_group_ids": [
              "sg-0085c4f40af239870"
            ]
          },
          "sensitive_attributes": [],
          "identity_schema_version": 0,
          "private": "eyJlMmJmYjczMC1lY2FhLTExZTYtOGY4OC0zNDM2M2JjN2M0YzAiOnsiY3JlYXRlIjo2MDAwMDAwMDAwMDAsImRlbGV0ZSI6MTIwMDAwMDAwMDAwMCwicmVhZCI6OTAwMDAwMDAwMDAwLCJ1cGRhdGUiOjYwMDAwMDAwMDAwMH0sInNjaGVtYV92ZXJzaW9uIjoiMSJ9",
          "dependencies": [
            "aws_key_pair.sd",
            "aws_security_group.sd",
            "aws_subnet.public",
            "aws_vpc.main",
            "data.aws_ami.amzn2",
            "tls_private_key.sd"
          ]
        },
        {
          "index_key": 1,
          "schema_version": 1,
          "attributes": {
            "ami": "ami-0fa63072dba82baa6",
            "arn": "arn:aws:ec2:us-east-1:300183693647:instance/i-0131717abb009e97f",
            "associate_public_ip_address": true,
            "availability_zone": "us-east-1a",
            "capacity_reservation_specification": [
              {
                "capacity_reservation_preference": "open",
                "capacity_reservation_target": []
              }
            ],
            "cpu_core_count": 1,
            "cpu_options": [
              {
                "amd_sev_snp": "",
                "core_count": 1,
                "threads_per_core": 1
              }
            ],
            "cpu_threads_per_core": 1,
            "credit_specification": [
              {
                "cpu_credits": "standard"
              }
            ],
            "disable_api_stop": false,
            "disable_api_termination": false,
            "ebs_block_device": [],
            "ebs_optimized": false,
            "enable_primary_ipv6": null,
            "enclave_options": [
              {
                "enabled": false
              }
            ],
            "ephemeral_block_device": [],
            "get_password_data": false,
            "hibernation": false,
            "host_id": "",
            "host_resource_group_arn": null,
            "iam_instance_profile": "",
            "id": "i-0131717abb009e97f",
            "instance_initiated_shutdown_behavior": "stop",
            "instance_lifecycle": "",
            "instance_market_options": [],
            "instance_state": "running",
            "instance_type": "t2.micro",
            "ipv6_address_count": 0,
            "ipv6_addresses": [],
            "key_name": "sd-direct-key",
            "launch_template": [],
            "maintenance_options": [
              {
                "auto_recovery": "default"
              }
            ],
            "metadata_options": [
              {
                "http_endpoint": "enabled",
                "http_protocol_ipv6": "disabled",
                "http_put_response_hop_limit": 1,
                "http_tokens": "optional",
                "instance_metadata_tags": "disabled"
              }
            ],
            "monitoring": false,
            "network_interface": [],
            "outpost_arn": "",
            "password_data": "",
            "placement_group": "",
            "placement_partition_number": 0,
            "primary_network_interface_id": "eni-02cda58861f2e8f09",
            "private_dns": "ip-10-0-1-5.ec2.internal",
            "private_dns_name_options": [
              {
                "enable_resource_name_dns_a_record": false,
                "enable_resource_name_dns_aaaa_record": false,
                "hostname_type": "ip-name"
              }
            ],
            "private_ip": "10.0.1.5",
            "public_dns": "ec2-3-239-40-85.compute-1.amazonaws.com",
            "public_ip": "3.239.40.85",
            "root_block_device": [
              {
                "delete_on_termination": true,
                "device_name": "/dev/xvda",
                "encrypted": false,
                "iops": 100,
                "kms_key_id": "",
                "tags": {},
                "tags_all": {},
                "throughput": 0,
                "volume_id": "vol-0115edaa69575808c",
                "volume_size": 8,
                "volume_type": "gp2"
              }
            ],
            "secondary_private_ips": [],
            "security_groups": [],
            "source_dest_check": true,
            "spot_instance_request_id": "",
            "subnet_id": "subnet-0b1dc797cdd1d785f",
            "tags": {
              "Name": "direct-worker2"
            },
            "tags_all": {
              "Name": "direct-worker2"
            },
            "tenancy": "default",
            "timeouts": null,
            "user_data": "50b1281be79222447f46a56cb0c77de539f2fef5",
            "user_data_base64": null,
            "user_data_replace_on_change": false,
            "volume_tags": null,
            "vpc_security_group_ids": [
              "sg-0085c4f40af239870"
            ]
          },
          "sensitive_attributes": [],
          "identity_schema_version": 0,
          "private": "eyJlMmJmYjczMC1lY2FhLTExZTYtOGY4OC0zNDM2M2JjN2M0YzAiOnsiY3JlYXRlIjo2MDAwMDAwMDAwMDAsImRlbGV0ZSI6MTIwMDAwMDAwMDAwMCwicmVhZCI6OTAwMDAwMDAwMDAwLCJ1cGRhdGUiOjYwMDAwMDAwMDAwMH0sInNjaGVtYV92ZXJzaW9uIjoiMSJ9",
          "dependencies": [
            "aws_key_pair.sd",
            "aws_security_group.sd",
            "aws_subnet.public",
            "aws_vpc.main",
            "data.aws_ami.amzn2",
            "tls_private_key.sd"
          ]
        }
      ]
    },
    {
      "mode": "managed",
      "type": "aws_internet_gateway",
      "name": "igw",
      "provider": "provider[\"registry.terraform.io/hashicorp/aws\"]",
      "instances": [
        {
          "schema_version": 0,
          "attributes": {
            "arn": "arn:aws:ec2:us-east-1:300183693647:internet-gateway/igw-0e7e74e1e71055709",
            "id": "igw-0e7e74e1e71055709",
            "owner_id": "300183693647",
            "tags": {
              "Name": "sd-direct-igw"
            },
            "tags_all": {
              "Name": "sd-direct-igw"
            },
            "timeouts": null,
            "vpc_id": "vpc-03a0d22ecdf20a6d7"
          },
          "sensitive_attributes": [],
          "identity_schema_version": 0,
          "private": "eyJlMmJmYjczMC1lY2FhLTExZTYtOGY4OC0zNDM2M2JjN2M0YzAiOnsiY3JlYXRlIjoxMjAwMDAwMDAwMDAwLCJkZWxldGUiOjEyMDAwMDAwMDAwMDAsInVwZGF0ZSI6MTIwMDAwMDAwMDAwMH19",
          "dependencies": [
            "aws_vpc.main"
          ]
        }
      ]
    },
    {
      "mode": "managed",
      "type": "aws_key_pair",
      "name": "sd",
      "provider": "provider[\"registry.terraform.io/hashicorp/aws\"]",
      "instances": [
        {
          "schema_version": 1,
          "attributes": {
            "arn": "arn:aws:ec2:us-east-1:300183693647:key-pair/sd-direct-key",
            "fingerprint": "83:48:34:b6:b4:c3:75:f0:9e:ee:ca:84:58:4f:c3:ec",
            "id": "sd-direct-key",
            "key_name": "sd-direct-key",
            "key_name_prefix": "",
            "key_pair_id": "key-0628d5efc5e24369a",
            "key_type": "rsa",
            "public_key": "ssh-rsa AAAAB3NzaC1yc2EAAAADAQABAAACAQDCYAHmX3X+oihLoiqki9K+dOUkl8uBorV2p2LfMJE7zeXd74WMCYxeSB8bLml128zpTqbW1ib0EJk88+qx1zHrTWXKRDZBkA4fIGbuNKYExXecNUyDcTpJJq0Ecm46ytqpuabqhw62/zo0eJtunoeFpkVSrDnU71/60Cgt6a7lu7InmRRkEL4SjxDpGLsXqaa6WDvWWfDyzogo47Y6zXztkkqVBcCMgzCiRFHLs5ahIwwmXkfFuifuD+H2lPtK/lR6M78rGrWg0qK8beJcd4gtobpRtAmvNThrNOeBCIJJRBUU9p1sHfvsqk1g8ZKvsOrfeIDYwydRVAlHQnEP5p/lbQkoXpqC7YfikwYrQRLGKvHyXD76EX4yo5YiZOsqXMPHWzGD9bUUG1CfaoXMmjoFBJiVaAqTE4xIEA7GU/NtviwWrzmAdj2Ri5nF8Ms/jHMg5nemYoc2soYXsoBdOytfMyrfb7zEkVuOFZBTeePB05O6NOCsCOu8dZHNU5B9GLB/Lmix5PNwprPdnJkZH2IIfPm+g3hAWNcyAGWID01Yr2oQ1jayz2327NKwAAzOQljH7eiwcx2IR4sy8YUaTLF0+ZChQAGoZ4tyCHeLrIbkLphbby0WNejz7lyEVMlEzT5r+e3jvQdCbegMQuFQwLKyheXWuu1C9gDepZOvlbQMoQ==",
            "tags": null,
            "tags_all": {}
          },
          "sensitive_attributes": [],
          "identity_schema_version": 0,
          "private": "eyJzY2hlbWFfdmVyc2lvbiI6IjEifQ==",
          "dependencies": [
            "tls_private_key.sd"
          ]
        }
      ]
    },
    {
      "mode": "managed",
      "type": "aws_route_table",
      "name": "public",
      "provider": "provider[\"registry.terraform.io/hashicorp/aws\"]",
      "instances": [
        {
          "schema_version": 0,
          "attributes": {
            "arn": "arn:aws:ec2:us-east-1:300183693647:route-table/rtb-0f5ffbc7fcfc0fb55",
            "id": "rtb-0f5ffbc7fcfc0fb55",
            "owner_id": "300183693647",
            "propagating_vgws": [],
            "route": [
              {
                "carrier_gateway_id": "",
                "cidr_block": "0.0.0.0/0",
                "core_network_arn": "",
                "destination_prefix_list_id": "",
                "egress_only_gateway_id": "",
                "gateway_id": "igw-0e7e74e1e71055709",
                "ipv6_cidr_block": "",
                "local_gateway_id": "",
                "nat_gateway_id": "",
                "network_interface_id": "",
                "transit_gateway_id": "",
                "vpc_endpoint_id": "",
                "vpc_peering_connection_id": ""
              }
            ],
            "tags": {
              "Name": "sd-direct-rt"
            },
            "tags_all": {
              "Name": "sd-direct-rt"
            },
            "timeouts": null,
            "vpc_id": "vpc-03a0d22ecdf20a6d7"
          },
          "sensitive_attributes": [],
          "identity_schema_version": 0,
          "private": "eyJlMmJmYjczMC1lY2FhLTExZTYtOGY4OC0zNDM2M2JjN2M0YzAiOnsiY3JlYXRlIjozMDAwMDAwMDAwMDAsImRlbGV0ZSI6MzAwMDAwMDAwMDAwLCJ1cGRhdGUiOjEyMDAwMDAwMDAwMH19",
          "dependencies": [
            "aws_internet_gateway.igw",
            "aws_vpc.main"
          ]
        }
      ]
    },
    {
      "mode": "managed",
      "type": "aws_route_table_association",
      "name": "public",
      "provider": "provider[\"registry.terraform.io/hashicorp/aws\"]",
      "instances": [
        {
          "schema_version": 0,
          "attributes": {
            "gateway_id": "",
            "id": "rtbassoc-09fc33b31a8be7d11",
            "route_table_id": "rtb-0f5ffbc7fcfc0fb55",
            "subnet_id": "subnet-0b1dc797cdd1d785f",
            "timeouts": null
          },
          "sensitive_attributes": [],
          "identity_schema_version": 0,
          "private": "eyJlMmJmYjczMC1lY2FhLTExZTYtOGY4OC0zNDM2M2JjN2M0YzAiOnsiY3JlYXRlIjozMDAwMDAwMDAwMDAsImRlbGV0ZSI6MzAwMDAwMDAwMDAwLCJ1cGRhdGUiOjEyMDAwMDAwMDAwMH19",
          "dependencies": [
            "aws_internet_gateway.igw",
            "aws_route_table.public",
            "aws_subnet.public",
            "aws_vpc.main"
          ]
        }
      ]
    },
    {
      "mode": "managed",
      "type": "aws_security_group",
      "name": "sd",
      "provider": "provider[\"registry.terraform.io/hashicorp/aws\"]",
      "instances": [
        {
          "schema_version": 1,
          "attributes": {
            "arn": "arn:aws:ec2:us-east-1:300183693647:security-group/sg-0085c4f40af239870",
            "description": "Managed by Terraform",
            "egress": [
              {
                "cidr_blocks": [
                  "0.0.0.0/0"
                ],
                "description": "",
                "from_port": 0,
                "ipv6_cidr_blocks": [],
                "prefix_list_ids": [],
                "protocol": "-1",
                "security_groups": [],
                "self": false,
                "to_port": 0
              }
            ],
            "id": "sg-0085c4f40af239870",
            "ingress": [
              {
                "cidr_blocks": [
                  "0.0.0.0/0"
                ],
                "description": "SSH",
                "from_port": 22,
                "ipv6_cidr_blocks": [],
                "prefix_list_ids": [],
                "protocol": "tcp",
                "security_groups": [],
                "self": false,
                "to_port": 22
              },
              {
                "cidr_blocks": [],
                "description": "Trafico interno",
                "from_port": 0,
                "ipv6_cidr_blocks": [],
                "prefix_list_ids": [],
                "protocol": "-1",
                "security_groups": [],
                "self": true,
                "to_port": 0
              }
            ],
            "name": "sd-direct-sg",
            "name_prefix": "",
            "owner_id": "300183693647",
            "revoke_rules_on_delete": false,
            "tags": {
              "Name": "sd-direct-sg"
            },
            "tags_all": {
              "Name": "sd-direct-sg"
            },
            "timeouts": null,
            "vpc_id": "vpc-03a0d22ecdf20a6d7"
          },
          "sensitive_attributes": [],
          "identity_schema_version": 0,
          "private": "eyJlMmJmYjczMC1lY2FhLTExZTYtOGY4OC0zNDM2M2JjN2M0YzAiOnsiY3JlYXRlIjo2MDAwMDAwMDAwMDAsImRlbGV0ZSI6OTAwMDAwMDAwMDAwfSwic2NoZW1hX3ZlcnNpb24iOiIxIn0=",
          "dependencies": [
            "aws_vpc.main"
          ]
        }
      ]
    },
    {
      "mode": "managed",
      "type": "aws_subnet",
      "name": "public",
      "provider": "provider[\"registry.terraform.io/hashicorp/aws\"]",
      "instances": [
        {
          "schema_version": 1,
          "attributes": {
            "arn": "arn:aws:ec2:us-east-1:300183693647:subnet/subnet-0b1dc797cdd1d785f",
            "assign_ipv6_address_on_creation": false,
            "availability_zone": "us-east-1a",
            "availability_zone_id": "use1-az1",
            "cidr_block": "10.0.1.0/24",
            "customer_owned_ipv4_pool": "",
            "enable_dns64": false,
            "enable_lni_at_device_index": 0,
            "enable_resource_name_dns_a_record_on_launch": false,
            "enable_resource_name_dns_aaaa_record_on_launch": false,
            "id": "subnet-0b1dc797cdd1d785f",
            "ipv6_cidr_block": "",
            "ipv6_cidr_block_association_id": "",
            "ipv6_native": false,
            "map_customer_owned_ip_on_launch": false,
            "map_public_ip_on_launch": true,
            "outpost_arn": "",
            "owner_id": "300183693647",
            "private_dns_hostname_type_on_launch": "ip-name",
            "tags": {
              "Name": "sd-direct-subnet"
            },
            "tags_all": {
              "Name": "sd-direct-subnet"
            },
            "timeouts": null,
            "vpc_id": "vpc-03a0d22ecdf20a6d7"
          },
          "sensitive_attributes": [],
          "identity_schema_version": 0,
          "private": "eyJlMmJmYjczMC1lY2FhLTExZTYtOGY4OC0zNDM2M2JjN2M0YzAiOnsiY3JlYXRlIjo2MDAwMDAwMDAwMDAsImRlbGV0ZSI6MTIwMDAwMDAwMDAwMH0sInNjaGVtYV92ZXJzaW9uIjoiMSJ9",
          "dependencies": [
            "aws_vpc.main"
          ]
        }
      ]
    },
    {
      "mode": "managed",
      "type": "aws_vpc",
      "name": "main",
      "provider": "provider[\"registry.terraform.io/hashicorp/aws\"]",
      "instances": [
        {
          "schema_version": 1,
          "attributes": {
            "arn": "arn:aws:ec2:us-east-1:300183693647:vpc/vpc-03a0d22ecdf20a6d7",
            "assign_generated_ipv6_cidr_block": false,
            "cidr_block": "10.0.0.0/16",
            "default_network_acl_id": "acl-02d527a3a63aa84cc",
            "default_route_table_id": "rtb-0ebca8ed41df70c60",
            "default_security_group_id": "sg-03184a06d5389e765",
            "dhcp_options_id": "dopt-02fa375327fc37dd2",
            "enable_dns_hostnames": true,
            "enable_dns_support": true,
            "enable_network_address_usage_metrics": false,
            "id": "vpc-03a0d22ecdf20a6d7",
            "instance_tenancy": "default",
            "ipv4_ipam_pool_id": null,
            "ipv4_netmask_length": null,
            "ipv6_association_id": "",
            "ipv6_cidr_block": "",
            "ipv6_cidr_block_network_border_group": "",
            "ipv6_ipam_pool_id": "",
            "ipv6_netmask_length": 0,
            "main_route_table_id": "rtb-0ebca8ed41df70c60",
            "owner_id": "300183693647",
            "tags": {
              "Name": "sd-direct-vpc"
            },
            "tags_all": {
              "Name": "sd-direct-vpc"
            }
          },
          "sensitive_attributes": [],
          "identity_schema_version": 0,
          "private": "eyJzY2hlbWFfdmVyc2lvbiI6IjEifQ=="
        }
      ]
    },
    {
      "mode": "managed",
      "type": "local_sensitive_file",
      "name": "pem",
      "provider": "provider[\"registry.terraform.io/hashicorp/local\"]",
      "instances": [
        {
          "schema_version": 0,
          "attributes": {
            "content": "-----BEGIN RSA PRIVATE KEY-----\nMIIJKQIBAAKCAgEAwmAB5l91/qIoS6IqpIvSvnTlJJfLgaK1dqdi3zCRO83l3e+F\njAmMXkgfGy5pddvM6U6m1tYm9BCZPPPqsdcx601lykQ2QZAOHyBm7jSmBMV3nDVM\ng3E6SSatBHJuOsraqbmm6ocOtv86NHibbp6HhaZFUqw51O9f+tAoLemu5buyJ5kU\nZBC+Eo8Q6Ri7F6mmulg71lnw8s6IKOO2Os187ZJKlQXAjIMwokRRy7OWoSMMJl5H\nxbon7g/h9pT7Sv5UejO/Kxq1oNKivG3iXHeILaG6UbQJrzU4azTngQiCSUQVFPad\nbB377KpNYPGSr7Dq33iA2MMnUVQJR0JxD+af5W0JKF6agu2H4pMGK0ESxirx8lw+\n+hF+MqOWImTrKlzDx1sxg/W1FBtQn2qFzJo6BQSYlWgKkxOMSBAOxlPzbb4sFq85\ngHY9kYuZxfDLP4xzIOZ3pmKHNrKGF7KAXTsrXzMq32+8xJFbjhWQU3njwdOTujTg\nrAjrvHWRzVOQfRiwfy5oseTzcKaz3ZyZGR9iCHz5voN4QFjXMgBliA9NWK9qENY2\nss9t9uzSsAAMzkJYx+3osHMdiEeLMvGFGkyxdPmQoUABqGeLcgh3i6yG5C6YW28t\nFjXo8+5chFTJRM0+a/nt470HQm3oDELhUMCysoXl1rrtQvYA3qWTr5W0DKECAwEA\nAQKCAgAWMEH/Q5XzZZzud1phUsHRsoPm37ogOAv5ecWoX0Gw/0HWii1nTT68E4UT\nhAKPbPIxDuSuQR+MvGlVwy1fNEbTStBMHOnJpbFq/baqShHKmSUcjJwJpC8IYzUc\nfRiWtwnrlpEWlCjKnIuPKlZp9AhZ6h9fPuBSLao59jGj/hlUSc8eRJQGkT+1XCYM\nyeEvpBLvkjtwbm96NDfoXQg0Ibl5YDoJ1XCDycUPPPfOZleTWO4d4iTUzjmZLDB6\nBstB5hMMKSSRPdkOfQUNOAj/T7jYpq3ffksduFhSqqUjvm4rAW3bqQRS74BO5aj0\nIFeDnVFOhdHFjM+L8ekmPJAuBcBqS+FyLfUphoU7oL3UqhJTs8SM+C4vqB3FXkVw\nxFDaGZkqhAsdu6RQG7Eyt+0MCZkRBaR9q3rJv4JGzeJkpSC8PxE/5NSnmqL1UoS+\npwgo+u8zSdoXsJouEkrV2brTUuryfWeUntdkikpOSH61CIrOnRz/tAcsgf90HN2D\nPcLnvU8Ix2o0lHaXA/ZTthSshuHhmN3C1vTWt9HSeEwKHajEDiIQsR5UZefsMOPY\nvoUCpdy8Xzq6tIYuteeOww4pFQ3R4dHRgOIZZj5Z94DgyEj3K5QXlJ9dUE1EnTBO\nV+KbJabOznui6G12QenJXYNjyYljErpJLkVid6WO0lmpaWbt3QKCAQEAzORyYEDc\nIIXhEY/9vtzOcbokD7o5Q+m3dnMvmWZOKTy2FxiM69OqbQCoI9LaVLwK9T8gHrRP\nepXhTEm4YMEBFr4PM4MEYWeVXWGTJO2ny9CSYvGAXC31PWpdTe0UqzLsbdu8RNpq\nqHLZLpyHKAgBrAuI8DQQUJMPXNjq7xh4sIX52Mpw7WP7uBSdNH9oZPitKv3jwMXo\n8L0kv2yzgoI7pP55lnj1kZ1s9iT3qqkV//tYqNJ0yBEUp7UdskK2mjYbhytWWJti\nBE7Mpte6jrf04BGGGJUASHMRYMXDtEh+Zu7QMwg3tB2wAau1zAShCoZQGQD+fCWB\nySqwom8QRtU6jQKCAQEA8tv3007qfPGk6Qj4r8PWnQ5F65I3HO+h2ctfWHrG6zj5\n3seKTs3odjEEm9XGHZbd7vX5IgD5aMxwOIJek9dzBFWONXOFRIsdlme4/BqAgY4L\nHImuId12g8hopnmQ7U9xxmBFiNToQQuFl8L5sasNQsZiC93W54KH1qH4neZzN6j3\nFGolq/TdekHyp+woj444Pvi1OTmIxUCzXYKdlnBKCI9N4J7Y+fKVWQfqmwzq96kc\nOMpNuiA7Dr0xDfye+VxtIGIdxVbzzBVhlxRZGMCokyb45sTHFxOPVZEWj6bm+/xj\nvfwu5xmb43p6b2klBDZN33092zN8DUtlyJy666h/ZQKCAQEAtLaM9r5eKMVMNJxG\nlq/T2dTud3ytg2vBJ9UCV483QwHMLOS3bkybVVat9iLD9NaB57sMjmhEbX+CXjHr\nUFMKrc9mQu280Fh3Egy8pmaCh65nXqNYrnTOh6OntdJ0V2crxt122Ve3mOjrC0R9\npN4i82adGhchiJ+cfizIUafI0xDnw8ESBx8XZk2wNhxlrCD1QyT5Ww5znNmGbtvm\nHCbXinf0L7ZyCUPLVfJXCwvlXoiGsygkXk1KZXzGO3LB8ZPlhbvAhZhOxDPoJwPB\nBJ3VekeaeVX6EOyEmFD1gq4p5omd0lTeJJvGoEKdrtsqWskKHnOVAVRne1GOx0Wk\nGoV5BQKCAQEAtyklAI4tFWxd1o84l78YljzUiPUucbldFNhoIV//tBm1gcp2SjbL\nUpBnjGwuzdQhr359laKsd9hv7n6Me+3qxeMMrM1iPi65ctzpS+Fk99C8GprP5KSV\nJJC6NIvMvN3Ezjt/VdJVE/FvoOSg0tlR2AGsoox97v6oGjzwN449aUYaip//p2+2\nteUU8IaQlKxLSVrjurPkrfe9DxJabcJkY45Iytaih+fnsUziKGwWrhAxw7b35h82\ny0fuvkC/WQvXFaxKDbIljs61Wm8zPxLWUJz87XaNPJ844+zX2iGjZXqVcwzGBu9u\nfaK6wlnHXCTkmGBpjW+H6LLroeBqrR7YbQKCAQAWOtlT/09cplNGJonA+ex4JyQy\nXdzg/ITrt7ABeKyOF6sW8Kl7txbxFG5+TpPLQnPq2dk8Hwj4l/UV7fKvbs0bvfad\nn/EbmAFthzwj6xUN93VkZMoiUYKu9GZyxlWouqY9kVVyQkfOmf1LVyuTYlx60+m4\nxhZBcVoLtmsuB93wh918IW6SJ0b0mAYR2PuvXgcOPe2vblGhDZ13AFojBFqU9C/T\nWEziokShZu5NvtYNNqZuKRMKuw2ygEvX1ijQTwFlzMZYXjJgri8W/J16Ywr/hgx0\n4Unzq8uw4xzEYnZB9aT9RZVgBENyQV1YWBcTE0TFv+75esjDEoAb85HVD5VP\n-----END RSA PRIVATE KEY-----\n",
            "content_base64": null,
            "content_base64sha256": "HzPIz3lLsPqfpIVYGB5oD6u2iwBuJF1bDz+teGcnH+k=",
            "content_base64sha512": "ygPGOg+l5lkLlFoFL2RocsKEp0g9ndLDvcAIUmUOKBBaFtZREmPlMU04aKiqDfeW99Baj1aazKL9ugoQ++pa/Q==",
            "content_md5": "199e6651e3faea23dfb2559ed6e6abb9",
            "content_sha1": "2bdbabc4b0b8131c9a76dbf03604561e5a885bce",
            "content_sha256": "1f33c8cf794bb0fa9fa48558181e680fabb68b006e245d5b0f3fad7867271fe9",
            "content_sha512": "ca03c63a0fa5e6590b945a052f646872c284a7483d9dd2c3bdc00852650e28105a16d6511263e5314d3868a8aa0df796f7d05a8f569acca2fdba0a10fbea5afd",
            "directory_permission": "0700",
            "file_permission": "0400",
            "filename": "./../../sd-direct-key.pem",
            "id": "2bdbabc4b0b8131c9a76dbf03604561e5a885bce",
            "source": null
          },
          "sensitive_attributes": [
            [
              {
                "type": "get_attr",
                "value": "content"
              }
            ],
            [
              {
                "type": "get_attr",
                "value": "content_base64"
              }
            ]
          ],
          "identity_schema_version": 0,
          "dependencies": [
            "tls_private_key.sd"
          ]
        }
      ]
    },
    {
      "mode": "managed",
      "type": "null_resource",
      "name": "client_setup",
      "provider": "provider[\"registry.terraform.io/hashicorp/null\"]",
      "instances": [
        {
          "schema_version": 0,
          "attributes": {
            "id": "6845409653286336387",
            "triggers": null
          },
          "sensitive_attributes": [],
          "identity_schema_version": 0,
          "dependencies": [
            "aws_instance.client",
            "aws_instance.infra",
            "aws_instance.loadbalancer",
            "aws_instance.worker",
            "aws_key_pair.sd",
            "aws_security_group.sd",
            "aws_subnet.public",
            "aws_vpc.main",
            "data.aws_ami.amzn2",
            "null_resource.lb_setup",
            "null_resource.worker_setup",
            "tls_private_key.sd"
          ]
        }
      ]
    },
    {
      "mode": "managed",
      "type": "null_resource",
      "name": "lb_setup",
      "provider": "provider[\"registry.terraform.io/hashicorp/null\"]",
      "instances": [
        {
          "schema_version": 0,
          "attributes": {
            "id": "2725400133486818596",
            "triggers": null
          },
          "sensitive_attributes": [],
          "identity_schema_version": 0,
          "dependencies": [
            "aws_instance.infra",
            "aws_instance.loadbalancer",
            "aws_instance.worker",
            "aws_key_pair.sd",
            "aws_security_group.sd",
            "aws_subnet.public",
            "aws_vpc.main",
            "data.aws_ami.amzn2",
            "null_resource.worker_setup",
            "tls_private_key.sd"
          ]
        }
      ]
    },
    {
      "mode": "managed",
      "type": "null_resource",
      "name": "worker_setup",
      "provider": "provider[\"registry.terraform.io/hashicorp/null\"]",
      "instances": [
        {
          "index_key": 0,
          "schema_version": 0,
          "attributes": {
            "id": "1534228953523620185",
            "triggers": null
          },
          "sensitive_attributes": [],
          "identity_schema_version": 0,
          "dependencies": [
            "aws_instance.infra",
            "aws_instance.worker",
            "aws_key_pair.sd",
            "aws_security_group.sd",
            "aws_subnet.public",
            "aws_vpc.main",
            "data.aws_ami.amzn2",
            "tls_private_key.sd"
          ]
        },
        {
          "index_key": 1,
          "schema_version": 0,
          "attributes": {
            "id": "5094538063651959500",
            "triggers": null
          },
          "sensitive_attributes": [],
          "identity_schema_version": 0,
          "dependencies": [
            "aws_instance.infra",
            "aws_instance.worker",
            "aws_key_pair.sd",
            "aws_security_group.sd",
            "aws_subnet.public",
            "aws_vpc.main",
            "data.aws_ami.amzn2",
            "tls_private_key.sd"
          ]
        }
      ]
    },
    {
      "mode": "managed",
      "type": "tls_private_key",
      "name": "sd",
      "provider": "provider[\"registry.terraform.io/hashicorp/tls\"]",
      "instances": [
        {
          "schema_version": 1,
          "attributes": {
            "algorithm": "RSA",
            "ecdsa_curve": "P224",
            "id": "03735c4c242453751713f60b9d017d2a9a20a739",
            "private_key_openssh": "-----BEGIN OPENSSH PRIVATE KEY-----\nb3BlbnNzaC1rZXktdjEAAAAABG5vbmUAAAAEbm9uZQAAAAAAAAABAAACFwAAAAdz\nc2gtcnNhAAAAAwEAAQAAAgEAwmAB5l91/qIoS6IqpIvSvnTlJJfLgaK1dqdi3zCR\nO83l3e+FjAmMXkgfGy5pddvM6U6m1tYm9BCZPPPqsdcx601lykQ2QZAOHyBm7jSm\nBMV3nDVMg3E6SSatBHJuOsraqbmm6ocOtv86NHibbp6HhaZFUqw51O9f+tAoLemu\n5buyJ5kUZBC+Eo8Q6Ri7F6mmulg71lnw8s6IKOO2Os187ZJKlQXAjIMwokRRy7OW\noSMMJl5Hxbon7g/h9pT7Sv5UejO/Kxq1oNKivG3iXHeILaG6UbQJrzU4azTngQiC\nSUQVFPadbB377KpNYPGSr7Dq33iA2MMnUVQJR0JxD+af5W0JKF6agu2H4pMGK0ES\nxirx8lw++hF+MqOWImTrKlzDx1sxg/W1FBtQn2qFzJo6BQSYlWgKkxOMSBAOxlPz\nbb4sFq85gHY9kYuZxfDLP4xzIOZ3pmKHNrKGF7KAXTsrXzMq32+8xJFbjhWQU3nj\nwdOTujTgrAjrvHWRzVOQfRiwfy5oseTzcKaz3ZyZGR9iCHz5voN4QFjXMgBliA9N\nWK9qENY2ss9t9uzSsAAMzkJYx+3osHMdiEeLMvGFGkyxdPmQoUABqGeLcgh3i6yG\n5C6YW28tFjXo8+5chFTJRM0+a/nt470HQm3oDELhUMCysoXl1rrtQvYA3qWTr5W0\nDKEAAAc4MpZ3HjKWdx4AAAAHc3NoLXJzYQAAAgEAwmAB5l91/qIoS6IqpIvSvnTl\nJJfLgaK1dqdi3zCRO83l3e+FjAmMXkgfGy5pddvM6U6m1tYm9BCZPPPqsdcx601l\nykQ2QZAOHyBm7jSmBMV3nDVMg3E6SSatBHJuOsraqbmm6ocOtv86NHibbp6HhaZF\nUqw51O9f+tAoLemu5buyJ5kUZBC+Eo8Q6Ri7F6mmulg71lnw8s6IKOO2Os187ZJK\nlQXAjIMwokRRy7OWoSMMJl5Hxbon7g/h9pT7Sv5UejO/Kxq1oNKivG3iXHeILaG6\nUbQJrzU4azTngQiCSUQVFPadbB377KpNYPGSr7Dq33iA2MMnUVQJR0JxD+af5W0J\nKF6agu2H4pMGK0ESxirx8lw++hF+MqOWImTrKlzDx1sxg/W1FBtQn2qFzJo6BQSY\nlWgKkxOMSBAOxlPzbb4sFq85gHY9kYuZxfDLP4xzIOZ3pmKHNrKGF7KAXTsrXzMq\n32+8xJFbjhWQU3njwdOTujTgrAjrvHWRzVOQfRiwfy5oseTzcKaz3ZyZGR9iCHz5\nvoN4QFjXMgBliA9NWK9qENY2ss9t9uzSsAAMzkJYx+3osHMdiEeLMvGFGkyxdPmQ\noUABqGeLcgh3i6yG5C6YW28tFjXo8+5chFTJRM0+a/nt470HQm3oDELhUMCysoXl\n1rrtQvYA3qWTr5W0DKEAAAADAQABAAACABYwQf9DlfNlnO53WmFSwdGyg+bfuiA4\nC/l5xahfQbD/QdaKLWdNPrwThROEAo9s8jEO5K5BH4y8aVXDLV80RtNK0Ewc6cml\nsWr9tqpKEcqZJRyMnAmkLwhjNRx9GJa3CeuWkRaUKMqci48qVmn0CFnqH18+4FIt\nqjn2MaP+GVRJzx5ElAaRP7VcJgzJ4S+kEu+SO3Bub3o0N+hdCDQhuXlgOgnVcIPJ\nxQ88985mV5NY7h3iJNTOOZksMHoGy0HmEwwpJJE92Q59BQ04CP9PuNimrd9+Sx24\nWFKqpSO+bisBbdupBFLvgE7lqPQgV4OdUU6F0cWMz4vx6SY8kC4FwGpL4XIt9SmG\nhTugvdSqElOzxIz4Li+oHcVeRXDEUNoZmSqECx27pFAbsTK37QwJmREFpH2resm/\ngkbN4mSlILw/ET/k1KeaovVShL6nCCj67zNJ2hewmi4SStXZutNS6vJ9Z5Se12SK\nSk5IfrUIis6dHP+0ByyB/3Qc3YM9wue9TwjHajSUdpcD9lO2FKyG4eGY3cLW9Na3\n0dJ4TAodqMQOIhCxHlRl5+ww49i+hQKl3LxfOrq0hi61547DDikVDdHh0dGA4hlm\nPln3gODISPcrlBeUn11QTUSdME5X4pslps7Oe6LobXZB6cldg2PJiWMSukkuRWJ3\npY7SWalpZu3dAAABABY62VP/T1ymU0YmicD57HgnJDJd3OD8hOu3sAF4rI4Xqxbw\nqXu3FvEUbn5Ok8tCc+rZ2TwfCPiX9RXt8q9uzRu99p2f8RuYAW2HPCPrFQ33dWRk\nyiJRgq70ZnLGVai6pj2RVXJCR86Z/UtXK5NiXHrT6bjGFkFxWgu2ay4H3fCH3Xwh\nbpInRvSYBhHY+69eBw497a9uUaENnXcAWiMEWpT0L9NYTOKiRKFm7k2+1g02pm4p\nEwq7DbKAS9fWKNBPAWXMxlheMmCuLxb8nXpjCv+GDHThSfOry7DjHMRidkH1pP1F\nlWAEQ3JBXVhYFxMTRMW/7vl6yMMSgBvzkdUPlU8AAAEBAMzkcmBA3CCF4RGP/b7c\nznG6JA+6OUPpt3ZzL5lmTik8thcYjOvTqm0AqCPS2lS8CvU/IB60T3qV4UxJuGDB\nARa+DzODBGFnlV1hkyTtp8vQkmLxgFwt9T1qXU3tFKsy7G3bvETaaqhy2S6chygI\nAawLiPA0EFCTD1zY6u8YeLCF+djKcO1j+7gUnTR/aGT4rSr948DF6PC9JL9ss4KC\nO6T+eZZ49ZGdbPYk96qpFf/7WKjSdMgRFKe1HbJCtpo2G4crVlibYgROzKbXuo63\n9OARhhiVAEhzEWDFw7RIfmbu0DMIN7QdsAGrtcwEoQqGUBkA/nwlgckqsKJvEEbV\nOo0AAAEBAPLb99NO6nzxpOkI+K/D1p0OReuSNxzvodnLX1h6xus4+d7Hik7N6HYx\nBJvVxh2W3e71+SIA+WjMcDiCXpPXcwRVjjVzhUSLHZZnuPwagIGOCxyJriHddoPI\naKZ5kO1PccZgRYjU6EELhZfC+bGrDULGYgvd1ueCh9ah+J3mczeo9xRqJav03XpB\n8qfsKI+OOD74tTk5iMVAs12CnZZwSgiPTeCe2PnylVkH6psM6vepHDjKTbogOw69\nMQ38nvlcbSBiHcVW88wVYZcUWRjAqJMm+ObExxcTj1WRFo+m5vv8Y738LucZm+N6\nem9pJQQ2Td99PdszfA1LZcicuuuof2UAAAAAAQID\n-----END OPENSSH PRIVATE KEY-----\n",
            "private_key_pem": "-----BEGIN RSA PRIVATE KEY-----\nMIIJKQIBAAKCAgEAwmAB5l91/qIoS6IqpIvSvnTlJJfLgaK1dqdi3zCRO83l3e+F\njAmMXkgfGy5pddvM6U6m1tYm9BCZPPPqsdcx601lykQ2QZAOHyBm7jSmBMV3nDVM\ng3E6SSatBHJuOsraqbmm6ocOtv86NHibbp6HhaZFUqw51O9f+tAoLemu5buyJ5kU\nZBC+Eo8Q6Ri7F6mmulg71lnw8s6IKOO2Os187ZJKlQXAjIMwokRRy7OWoSMMJl5H\nxbon7g/h9pT7Sv5UejO/Kxq1oNKivG3iXHeILaG6UbQJrzU4azTngQiCSUQVFPad\nbB377KpNYPGSr7Dq33iA2MMnUVQJR0JxD+af5W0JKF6agu2H4pMGK0ESxirx8lw+\n+hF+MqOWImTrKlzDx1sxg/W1FBtQn2qFzJo6BQSYlWgKkxOMSBAOxlPzbb4sFq85\ngHY9kYuZxfDLP4xzIOZ3pmKHNrKGF7KAXTsrXzMq32+8xJFbjhWQU3njwdOTujTg\nrAjrvHWRzVOQfRiwfy5oseTzcKaz3ZyZGR9iCHz5voN4QFjXMgBliA9NWK9qENY2\nss9t9uzSsAAMzkJYx+3osHMdiEeLMvGFGkyxdPmQoUABqGeLcgh3i6yG5C6YW28t\nFjXo8+5chFTJRM0+a/nt470HQm3oDELhUMCysoXl1rrtQvYA3qWTr5W0DKECAwEA\nAQKCAgAWMEH/Q5XzZZzud1phUsHRsoPm37ogOAv5ecWoX0Gw/0HWii1nTT68E4UT\nhAKPbPIxDuSuQR+MvGlVwy1fNEbTStBMHOnJpbFq/baqShHKmSUcjJwJpC8IYzUc\nfRiWtwnrlpEWlCjKnIuPKlZp9AhZ6h9fPuBSLao59jGj/hlUSc8eRJQGkT+1XCYM\nyeEvpBLvkjtwbm96NDfoXQg0Ibl5YDoJ1XCDycUPPPfOZleTWO4d4iTUzjmZLDB6\nBstB5hMMKSSRPdkOfQUNOAj/T7jYpq3ffksduFhSqqUjvm4rAW3bqQRS74BO5aj0\nIFeDnVFOhdHFjM+L8ekmPJAuBcBqS+FyLfUphoU7oL3UqhJTs8SM+C4vqB3FXkVw\nxFDaGZkqhAsdu6RQG7Eyt+0MCZkRBaR9q3rJv4JGzeJkpSC8PxE/5NSnmqL1UoS+\npwgo+u8zSdoXsJouEkrV2brTUuryfWeUntdkikpOSH61CIrOnRz/tAcsgf90HN2D\nPcLnvU8Ix2o0lHaXA/ZTthSshuHhmN3C1vTWt9HSeEwKHajEDiIQsR5UZefsMOPY\nvoUCpdy8Xzq6tIYuteeOww4pFQ3R4dHRgOIZZj5Z94DgyEj3K5QXlJ9dUE1EnTBO\nV+KbJabOznui6G12QenJXYNjyYljErpJLkVid6WO0lmpaWbt3QKCAQEAzORyYEDc\nIIXhEY/9vtzOcbokD7o5Q+m3dnMvmWZOKTy2FxiM69OqbQCoI9LaVLwK9T8gHrRP\nepXhTEm4YMEBFr4PM4MEYWeVXWGTJO2ny9CSYvGAXC31PWpdTe0UqzLsbdu8RNpq\nqHLZLpyHKAgBrAuI8DQQUJMPXNjq7xh4sIX52Mpw7WP7uBSdNH9oZPitKv3jwMXo\n8L0kv2yzgoI7pP55lnj1kZ1s9iT3qqkV//tYqNJ0yBEUp7UdskK2mjYbhytWWJti\nBE7Mpte6jrf04BGGGJUASHMRYMXDtEh+Zu7QMwg3tB2wAau1zAShCoZQGQD+fCWB\nySqwom8QRtU6jQKCAQEA8tv3007qfPGk6Qj4r8PWnQ5F65I3HO+h2ctfWHrG6zj5\n3seKTs3odjEEm9XGHZbd7vX5IgD5aMxwOIJek9dzBFWONXOFRIsdlme4/BqAgY4L\nHImuId12g8hopnmQ7U9xxmBFiNToQQuFl8L5sasNQsZiC93W54KH1qH4neZzN6j3\nFGolq/TdekHyp+woj444Pvi1OTmIxUCzXYKdlnBKCI9N4J7Y+fKVWQfqmwzq96kc\nOMpNuiA7Dr0xDfye+VxtIGIdxVbzzBVhlxRZGMCokyb45sTHFxOPVZEWj6bm+/xj\nvfwu5xmb43p6b2klBDZN33092zN8DUtlyJy666h/ZQKCAQEAtLaM9r5eKMVMNJxG\nlq/T2dTud3ytg2vBJ9UCV483QwHMLOS3bkybVVat9iLD9NaB57sMjmhEbX+CXjHr\nUFMKrc9mQu280Fh3Egy8pmaCh65nXqNYrnTOh6OntdJ0V2crxt122Ve3mOjrC0R9\npN4i82adGhchiJ+cfizIUafI0xDnw8ESBx8XZk2wNhxlrCD1QyT5Ww5znNmGbtvm\nHCbXinf0L7ZyCUPLVfJXCwvlXoiGsygkXk1KZXzGO3LB8ZPlhbvAhZhOxDPoJwPB\nBJ3VekeaeVX6EOyEmFD1gq4p5omd0lTeJJvGoEKdrtsqWskKHnOVAVRne1GOx0Wk\nGoV5BQKCAQEAtyklAI4tFWxd1o84l78YljzUiPUucbldFNhoIV//tBm1gcp2SjbL\nUpBnjGwuzdQhr359laKsd9hv7n6Me+3qxeMMrM1iPi65ctzpS+Fk99C8GprP5KSV\nJJC6NIvMvN3Ezjt/VdJVE/FvoOSg0tlR2AGsoox97v6oGjzwN449aUYaip//p2+2\nteUU8IaQlKxLSVrjurPkrfe9DxJabcJkY45Iytaih+fnsUziKGwWrhAxw7b35h82\ny0fuvkC/WQvXFaxKDbIljs61Wm8zPxLWUJz87XaNPJ844+zX2iGjZXqVcwzGBu9u\nfaK6wlnHXCTkmGBpjW+H6LLroeBqrR7YbQKCAQAWOtlT/09cplNGJonA+ex4JyQy\nXdzg/ITrt7ABeKyOF6sW8Kl7txbxFG5+TpPLQnPq2dk8Hwj4l/UV7fKvbs0bvfad\nn/EbmAFthzwj6xUN93VkZMoiUYKu9GZyxlWouqY9kVVyQkfOmf1LVyuTYlx60+m4\nxhZBcVoLtmsuB93wh918IW6SJ0b0mAYR2PuvXgcOPe2vblGhDZ13AFojBFqU9C/T\nWEziokShZu5NvtYNNqZuKRMKuw2ygEvX1ijQTwFlzMZYXjJgri8W/J16Ywr/hgx0\n4Unzq8uw4xzEYnZB9aT9RZVgBENyQV1YWBcTE0TFv+75esjDEoAb85HVD5VP\n-----END RSA PRIVATE KEY-----\n",
            "private_key_pem_pkcs8": "-----BEGIN PRIVATE KEY-----\nMIIJQwIBADANBgkqhkiG9w0BAQEFAASCCS0wggkpAgEAAoICAQDCYAHmX3X+oihL\noiqki9K+dOUkl8uBorV2p2LfMJE7zeXd74WMCYxeSB8bLml128zpTqbW1ib0EJk8\n8+qx1zHrTWXKRDZBkA4fIGbuNKYExXecNUyDcTpJJq0Ecm46ytqpuabqhw62/zo0\neJtunoeFpkVSrDnU71/60Cgt6a7lu7InmRRkEL4SjxDpGLsXqaa6WDvWWfDyzogo\n47Y6zXztkkqVBcCMgzCiRFHLs5ahIwwmXkfFuifuD+H2lPtK/lR6M78rGrWg0qK8\nbeJcd4gtobpRtAmvNThrNOeBCIJJRBUU9p1sHfvsqk1g8ZKvsOrfeIDYwydRVAlH\nQnEP5p/lbQkoXpqC7YfikwYrQRLGKvHyXD76EX4yo5YiZOsqXMPHWzGD9bUUG1Cf\naoXMmjoFBJiVaAqTE4xIEA7GU/NtviwWrzmAdj2Ri5nF8Ms/jHMg5nemYoc2soYX\nsoBdOytfMyrfb7zEkVuOFZBTeePB05O6NOCsCOu8dZHNU5B9GLB/Lmix5PNwprPd\nnJkZH2IIfPm+g3hAWNcyAGWID01Yr2oQ1jayz2327NKwAAzOQljH7eiwcx2IR4sy\n8YUaTLF0+ZChQAGoZ4tyCHeLrIbkLphbby0WNejz7lyEVMlEzT5r+e3jvQdCbegM\nQuFQwLKyheXWuu1C9gDepZOvlbQMoQIDAQABAoICABYwQf9DlfNlnO53WmFSwdGy\ng+bfuiA4C/l5xahfQbD/QdaKLWdNPrwThROEAo9s8jEO5K5BH4y8aVXDLV80RtNK\n0Ewc6cmlsWr9tqpKEcqZJRyMnAmkLwhjNRx9GJa3CeuWkRaUKMqci48qVmn0CFnq\nH18+4FItqjn2MaP+GVRJzx5ElAaRP7VcJgzJ4S+kEu+SO3Bub3o0N+hdCDQhuXlg\nOgnVcIPJxQ88985mV5NY7h3iJNTOOZksMHoGy0HmEwwpJJE92Q59BQ04CP9PuNim\nrd9+Sx24WFKqpSO+bisBbdupBFLvgE7lqPQgV4OdUU6F0cWMz4vx6SY8kC4FwGpL\n4XIt9SmGhTugvdSqElOzxIz4Li+oHcVeRXDEUNoZmSqECx27pFAbsTK37QwJmREF\npH2resm/gkbN4mSlILw/ET/k1KeaovVShL6nCCj67zNJ2hewmi4SStXZutNS6vJ9\nZ5Se12SKSk5IfrUIis6dHP+0ByyB/3Qc3YM9wue9TwjHajSUdpcD9lO2FKyG4eGY\n3cLW9Na30dJ4TAodqMQOIhCxHlRl5+ww49i+hQKl3LxfOrq0hi61547DDikVDdHh\n0dGA4hlmPln3gODISPcrlBeUn11QTUSdME5X4pslps7Oe6LobXZB6cldg2PJiWMS\nukkuRWJ3pY7SWalpZu3dAoIBAQDM5HJgQNwgheERj/2+3M5xuiQPujlD6bd2cy+Z\nZk4pPLYXGIzr06ptAKgj0tpUvAr1PyAetE96leFMSbhgwQEWvg8zgwRhZ5VdYZMk\n7afL0JJi8YBcLfU9al1N7RSrMuxt27xE2mqoctkunIcoCAGsC4jwNBBQkw9c2Orv\nGHiwhfnYynDtY/u4FJ00f2hk+K0q/ePAxejwvSS/bLOCgjuk/nmWePWRnWz2JPeq\nqRX/+1io0nTIERSntR2yQraaNhuHK1ZYm2IETsym17qOt/TgEYYYlQBIcxFgxcO0\nSH5m7tAzCDe0HbABq7XMBKEKhlAZAP58JYHJKrCibxBG1TqNAoIBAQDy2/fTTup8\n8aTpCPivw9adDkXrkjcc76HZy19YesbrOPnex4pOzeh2MQSb1cYdlt3u9fkiAPlo\nzHA4gl6T13MEVY41c4VEix2WZ7j8GoCBjgscia4h3XaDyGimeZDtT3HGYEWI1OhB\nC4WXwvmxqw1CxmIL3dbngofWofid5nM3qPcUaiWr9N16QfKn7CiPjjg++LU5OYjF\nQLNdgp2WcEoIj03gntj58pVZB+qbDOr3qRw4yk26IDsOvTEN/J75XG0gYh3FVvPM\nFWGXFFkYwKiTJvjmxMcXE49VkRaPpub7/GO9/C7nGZvjenpvaSUENk3ffT3bM3wN\nS2XInLrrqH9lAoIBAQC0toz2vl4oxUw0nEaWr9PZ1O53fK2Da8En1QJXjzdDAcws\n5LduTJtVVq32IsP01oHnuwyOaERtf4JeMetQUwqtz2ZC7bzQWHcSDLymZoKHrmde\no1iudM6Ho6e10nRXZyvG3XbZV7eY6OsLRH2k3iLzZp0aFyGIn5x+LMhRp8jTEOfD\nwRIHHxdmTbA2HGWsIPVDJPlbDnOc2YZu2+YcJteKd/QvtnIJQ8tV8lcLC+VeiIaz\nKCReTUplfMY7csHxk+WFu8CFmE7EM+gnA8EEndV6R5p5VfoQ7ISYUPWCrinmiZ3S\nVN4km8agQp2u2ypayQoec5UBVGd7UY7HRaQahXkFAoIBAQC3KSUAji0VbF3WjziX\nvxiWPNSI9S5xuV0U2GghX/+0GbWBynZKNstSkGeMbC7N1CGvfn2Voqx32G/ufox7\n7erF4wyszWI+Lrly3OlL4WT30Lwams/kpJUkkLo0i8y83cTOO39V0lUT8W+g5KDS\n2VHYAayijH3u/qgaPPA3jj1pRhqKn/+nb7a15RTwhpCUrEtJWuO6s+St970PElpt\nwmRjjkjK1qKH5+exTOIobBauEDHDtvfmHzbLR+6+QL9ZC9cVrEoNsiWOzrVabzM/\nEtZQnPztdo08nzjj7NfaIaNlepVzDMYG7259orrCWcdcJOSYYGmNb4fosuuh4Gqt\nHthtAoIBABY62VP/T1ymU0YmicD57HgnJDJd3OD8hOu3sAF4rI4XqxbwqXu3FvEU\nbn5Ok8tCc+rZ2TwfCPiX9RXt8q9uzRu99p2f8RuYAW2HPCPrFQ33dWRkyiJRgq70\nZnLGVai6pj2RVXJCR86Z/UtXK5NiXHrT6bjGFkFxWgu2ay4H3fCH3XwhbpInRvSY\nBhHY+69eBw497a9uUaENnXcAWiMEWpT0L9NYTOKiRKFm7k2+1g02pm4pEwq7DbKA\nS9fWKNBPAWXMxlheMmCuLxb8nXpjCv+GDHThSfOry7DjHMRidkH1pP1FlWAEQ3JB\nXVhYFxMTRMW/7vl6yMMSgBvzkdUPlU8=\n-----END PRIVATE KEY-----\n",
            "public_key_fingerprint_md5": "e6:59:be:b0:ee:08:cf:e2:72:5d:1b:97:a1:86:60:82",
            "public_key_fingerprint_sha256": "SHA256:XglyHqH3AlO7eFv2NiyUmYIQU1E30BGGj3vmiWazx0Q",
            "public_key_openssh": "ssh-rsa AAAAB3NzaC1yc2EAAAADAQABAAACAQDCYAHmX3X+oihLoiqki9K+dOUkl8uBorV2p2LfMJE7zeXd74WMCYxeSB8bLml128zpTqbW1ib0EJk88+qx1zHrTWXKRDZBkA4fIGbuNKYExXecNUyDcTpJJq0Ecm46ytqpuabqhw62/zo0eJtunoeFpkVSrDnU71/60Cgt6a7lu7InmRRkEL4SjxDpGLsXqaa6WDvWWfDyzogo47Y6zXztkkqVBcCMgzCiRFHLs5ahIwwmXkfFuifuD+H2lPtK/lR6M78rGrWg0qK8beJcd4gtobpRtAmvNThrNOeBCIJJRBUU9p1sHfvsqk1g8ZKvsOrfeIDYwydRVAlHQnEP5p/lbQkoXpqC7YfikwYrQRLGKvHyXD76EX4yo5YiZOsqXMPHWzGD9bUUG1CfaoXMmjoFBJiVaAqTE4xIEA7GU/NtviwWrzmAdj2Ri5nF8Ms/jHMg5nemYoc2soYXsoBdOytfMyrfb7zEkVuOFZBTeePB05O6NOCsCOu8dZHNU5B9GLB/Lmix5PNwprPdnJkZH2IIfPm+g3hAWNcyAGWID01Yr2oQ1jayz2327NKwAAzOQljH7eiwcx2IR4sy8YUaTLF0+ZChQAGoZ4tyCHeLrIbkLphbby0WNejz7lyEVMlEzT5r+e3jvQdCbegMQuFQwLKyheXWuu1C9gDepZOvlbQMoQ==\n",
            "public_key_pem": "-----BEGIN PUBLIC KEY-----\nMIICIjANBgkqhkiG9w0BAQEFAAOCAg8AMIICCgKCAgEAwmAB5l91/qIoS6IqpIvS\nvnTlJJfLgaK1dqdi3zCRO83l3e+FjAmMXkgfGy5pddvM6U6m1tYm9BCZPPPqsdcx\n601lykQ2QZAOHyBm7jSmBMV3nDVMg3E6SSatBHJuOsraqbmm6ocOtv86NHibbp6H\nhaZFUqw51O9f+tAoLemu5buyJ5kUZBC+Eo8Q6Ri7F6mmulg71lnw8s6IKOO2Os18\n7ZJKlQXAjIMwokRRy7OWoSMMJl5Hxbon7g/h9pT7Sv5UejO/Kxq1oNKivG3iXHeI\nLaG6UbQJrzU4azTngQiCSUQVFPadbB377KpNYPGSr7Dq33iA2MMnUVQJR0JxD+af\n5W0JKF6agu2H4pMGK0ESxirx8lw++hF+MqOWImTrKlzDx1sxg/W1FBtQn2qFzJo6\nBQSYlWgKkxOMSBAOxlPzbb4sFq85gHY9kYuZxfDLP4xzIOZ3pmKHNrKGF7KAXTsr\nXzMq32+8xJFbjhWQU3njwdOTujTgrAjrvHWRzVOQfRiwfy5oseTzcKaz3ZyZGR9i\nCHz5voN4QFjXMgBliA9NWK9qENY2ss9t9uzSsAAMzkJYx+3osHMdiEeLMvGFGkyx\ndPmQoUABqGeLcgh3i6yG5C6YW28tFjXo8+5chFTJRM0+a/nt470HQm3oDELhUMCy\nsoXl1rrtQvYA3qWTr5W0DKECAwEAAQ==\n-----END PUBLIC KEY-----\n",
            "rsa_bits": 4096
          },
          "sensitive_attributes": [
            [
              {
                "type": "get_attr",
                "value": "private_key_openssh"
              }
            ],
            [
              {
                "type": "get_attr",
                "value": "private_key_pem"
              }
            ],
            [
              {
                "type": "get_attr",
                "value": "private_key_pem_pkcs8"
              }
            ]
          ],
          "identity_schema_version": 0
        }
      ]
    }
  ],
  "check_results": null
}
